// !$*UTF8*$!
{
	archiveVersion = 1;
	classes = {
	};
	objectVersion = 56;
	objects = {

/* Begin PBXBuildFile section */
		76366FAF29ADC245003FD939 /* FilterView.swift in Sources */ = {isa = PBXBuildFile; fileRef = 76366FAE29ADC245003FD939 /* FilterView.swift */; };
		76366FB229ADC2BA003FD939 /* TextFieldsFilerView.swift in Sources */ = {isa = PBXBuildFile; fileRef = 76366FB129ADC2BA003FD939 /* TextFieldsFilerView.swift */; };
		76366FBA29AE437B003FD939 /* Realm in Frameworks */ = {isa = PBXBuildFile; productRef = 76366FB929AE437B003FD939 /* Realm */; };
		76366FBC29AE437B003FD939 /* RealmSwift in Frameworks */ = {isa = PBXBuildFile; productRef = 76366FBB29AE437B003FD939 /* RealmSwift */; };
		76366FBE29AE43DC003FD939 /* RealmManager.swift in Sources */ = {isa = PBXBuildFile; fileRef = 76366FBD29AE43DC003FD939 /* RealmManager.swift */; };
		76366FC029AE453E003FD939 /* RealmModel.swift in Sources */ = {isa = PBXBuildFile; fileRef = 76366FBF29AE453E003FD939 /* RealmModel.swift */; };
		76EAF42729B7B917001BEEBE /* ItemSizeCheckView.swift in Sources */ = {isa = PBXBuildFile; fileRef = 76EAF42629B7B917001BEEBE /* ItemSizeCheckView.swift */; };
		76EAF42929B8B821001BEEBE /* ItemPriceView.swift in Sources */ = {isa = PBXBuildFile; fileRef = 76EAF42829B8B821001BEEBE /* ItemPriceView.swift */; };
		76EAFF8129AB3ACC001799EB /* ZefirDress92App.swift in Sources */ = {isa = PBXBuildFile; fileRef = 76EAFF8029AB3ACC001799EB /* ZefirDress92App.swift */; };
		76EAFF8329AB3ACC001799EB /* ContentView.swift in Sources */ = {isa = PBXBuildFile; fileRef = 76EAFF8229AB3ACC001799EB /* ContentView.swift */; };
		76EAFF8529AB3ACE001799EB /* Assets.xcassets in Resources */ = {isa = PBXBuildFile; fileRef = 76EAFF8429AB3ACE001799EB /* Assets.xcassets */; };
		76EAFF8829AB3ACE001799EB /* Preview Assets.xcassets in Resources */ = {isa = PBXBuildFile; fileRef = 76EAFF8729AB3ACE001799EB /* Preview Assets.xcassets */; };
		76EAFF9029AB7829001799EB /* Product.swift in Sources */ = {isa = PBXBuildFile; fileRef = 76EAFF8F29AB7829001799EB /* Product.swift */; };
		76EAFF9329AB7A7A001799EB /* CodableBundleExtention.swift in Sources */ = {isa = PBXBuildFile; fileRef = 76EAFF9229AB7A7A001799EB /* CodableBundleExtention.swift */; };
		76EAFF9629AB7AC2001799EB /* Constant.swift in Sources */ = {isa = PBXBuildFile; fileRef = 76EAFF9529AB7AC2001799EB /* Constant.swift */; };
		76EAFF9829AB7B47001799EB /* Shop.swift in Sources */ = {isa = PBXBuildFile; fileRef = 76EAFF9729AB7B47001799EB /* Shop.swift */; };
		76EAFF9A29AB7C32001799EB /* EditButton.swift in Sources */ = {isa = PBXBuildFile; fileRef = 76EAFF9929AB7C32001799EB /* EditButton.swift */; };
		76EAFFA029AB822D001799EB /* CheckoutView.swift in Sources */ = {isa = PBXBuildFile; fileRef = 76EAFF9F29AB822D001799EB /* CheckoutView.swift */; };
		76EAFFA329AB860C001799EB /* ItemDetailView.swift in Sources */ = {isa = PBXBuildFile; fileRef = 76EAFFA229AB860C001799EB /* ItemDetailView.swift */; };
		76EAFFA629ABD722001799EB /* ProductView.swift in Sources */ = {isa = PBXBuildFile; fileRef = 76EAFFA529ABD722001799EB /* ProductView.swift */; };
		76EAFFA829ABDBAB001799EB /* ProductGridView.swift in Sources */ = {isa = PBXBuildFile; fileRef = 76EAFFA729ABDBAB001799EB /* ProductGridView.swift */; };
		76EAFFAC29AC9765001799EB /* product.json in Resources */ = {isa = PBXBuildFile; fileRef = 76EAFFAB29AC9765001799EB /* product.json */; };
		76EAFFB029ACA369001799EB /* CartView.swift in Sources */ = {isa = PBXBuildFile; fileRef = 76EAFFAF29ACA369001799EB /* CartView.swift */; };
		76EAFFB229AD48C1001799EB /* AddToCartButton.swift in Sources */ = {isa = PBXBuildFile; fileRef = 76EAFFB129AD48C1001799EB /* AddToCartButton.swift */; };
		76EAFFB429AD4DEB001799EB /* ItemDescriptionView.swift in Sources */ = {isa = PBXBuildFile; fileRef = 76EAFFB329AD4DEB001799EB /* ItemDescriptionView.swift */; };
		76ECFE2629AFA515008EF1B6 /* HomeScreen.swift in Sources */ = {isa = PBXBuildFile; fileRef = 76ECFE2529AFA515008EF1B6 /* HomeScreen.swift */; };
/* End PBXBuildFile section */

/* Begin PBXFileReference section */
		76366FAE29ADC245003FD939 /* FilterView.swift */ = {isa = PBXFileReference; lastKnownFileType = sourcecode.swift; path = FilterView.swift; sourceTree = "<group>"; };
		76366FB129ADC2BA003FD939 /* TextFieldsFilerView.swift */ = {isa = PBXFileReference; lastKnownFileType = sourcecode.swift; path = TextFieldsFilerView.swift; sourceTree = "<group>"; };
		76366FBD29AE43DC003FD939 /* RealmManager.swift */ = {isa = PBXFileReference; lastKnownFileType = sourcecode.swift; path = RealmManager.swift; sourceTree = "<group>"; };
		76366FBF29AE453E003FD939 /* RealmModel.swift */ = {isa = PBXFileReference; lastKnownFileType = sourcecode.swift; path = RealmModel.swift; sourceTree = "<group>"; };
		76EAF42629B7B917001BEEBE /* ItemSizeCheckView.swift */ = {isa = PBXFileReference; lastKnownFileType = sourcecode.swift; path = ItemSizeCheckView.swift; sourceTree = "<group>"; };
		76EAF42829B8B821001BEEBE /* ItemPriceView.swift */ = {isa = PBXFileReference; lastKnownFileType = sourcecode.swift; path = ItemPriceView.swift; sourceTree = "<group>"; };
		76EAFF7D29AB3ACC001799EB /* ZefirDress92.app */ = {isa = PBXFileReference; explicitFileType = wrapper.application; includeInIndex = 0; path = ZefirDress92.app; sourceTree = BUILT_PRODUCTS_DIR; };
		76EAFF8029AB3ACC001799EB /* ZefirDress92App.swift */ = {isa = PBXFileReference; lastKnownFileType = sourcecode.swift; path = ZefirDress92App.swift; sourceTree = "<group>"; };
		76EAFF8229AB3ACC001799EB /* ContentView.swift */ = {isa = PBXFileReference; lastKnownFileType = sourcecode.swift; path = ContentView.swift; sourceTree = "<group>"; };
		76EAFF8429AB3ACE001799EB /* Assets.xcassets */ = {isa = PBXFileReference; lastKnownFileType = folder.assetcatalog; path = Assets.xcassets; sourceTree = "<group>"; };
		76EAFF8729AB3ACE001799EB /* Preview Assets.xcassets */ = {isa = PBXFileReference; lastKnownFileType = folder.assetcatalog; path = "Preview Assets.xcassets"; sourceTree = "<group>"; };
		76EAFF8F29AB7829001799EB /* Product.swift */ = {isa = PBXFileReference; lastKnownFileType = sourcecode.swift; path = Product.swift; sourceTree = "<group>"; };
		76EAFF9229AB7A7A001799EB /* CodableBundleExtention.swift */ = {isa = PBXFileReference; lastKnownFileType = sourcecode.swift; path = CodableBundleExtention.swift; sourceTree = "<group>"; };
		76EAFF9529AB7AC2001799EB /* Constant.swift */ = {isa = PBXFileReference; lastKnownFileType = sourcecode.swift; path = Constant.swift; sourceTree = "<group>"; };
		76EAFF9729AB7B47001799EB /* Shop.swift */ = {isa = PBXFileReference; lastKnownFileType = sourcecode.swift; path = Shop.swift; sourceTree = "<group>"; };
		76EAFF9929AB7C32001799EB /* EditButton.swift */ = {isa = PBXFileReference; lastKnownFileType = sourcecode.swift; path = EditButton.swift; sourceTree = "<group>"; };
		76EAFF9F29AB822D001799EB /* CheckoutView.swift */ = {isa = PBXFileReference; lastKnownFileType = sourcecode.swift; path = CheckoutView.swift; sourceTree = "<group>"; };
		76EAFFA229AB860C001799EB /* ItemDetailView.swift */ = {isa = PBXFileReference; lastKnownFileType = sourcecode.swift; path = ItemDetailView.swift; sourceTree = "<group>"; };
		76EAFFA529ABD722001799EB /* ProductView.swift */ = {isa = PBXFileReference; lastKnownFileType = sourcecode.swift; path = ProductView.swift; sourceTree = "<group>"; };
		76EAFFA729ABDBAB001799EB /* ProductGridView.swift */ = {isa = PBXFileReference; lastKnownFileType = sourcecode.swift; path = ProductGridView.swift; sourceTree = "<group>"; };
		76EAFFAB29AC9765001799EB /* product.json */ = {isa = PBXFileReference; lastKnownFileType = text.json; path = product.json; sourceTree = "<group>"; };
		76EAFFAF29ACA369001799EB /* CartView.swift */ = {isa = PBXFileReference; lastKnownFileType = sourcecode.swift; path = CartView.swift; sourceTree = "<group>"; };
		76EAFFB129AD48C1001799EB /* AddToCartButton.swift */ = {isa = PBXFileReference; lastKnownFileType = sourcecode.swift; path = AddToCartButton.swift; sourceTree = "<group>"; };
		76EAFFB329AD4DEB001799EB /* ItemDescriptionView.swift */ = {isa = PBXFileReference; lastKnownFileType = sourcecode.swift; path = ItemDescriptionView.swift; sourceTree = "<group>"; };
		76ECFE2529AFA515008EF1B6 /* HomeScreen.swift */ = {isa = PBXFileReference; lastKnownFileType = sourcecode.swift; path = HomeScreen.swift; sourceTree = "<group>"; };
/* End PBXFileReference section */

/* Begin PBXFrameworksBuildPhase section */
		76EAFF7A29AB3ACC001799EB /* Frameworks */ = {
			isa = PBXFrameworksBuildPhase;
			buildActionMask = 2147483647;
			files = (
				76366FBC29AE437B003FD939 /* RealmSwift in Frameworks */,
				76366FBA29AE437B003FD939 /* Realm in Frameworks */,
			);
			runOnlyForDeploymentPostprocessing = 0;
		};
/* End PBXFrameworksBuildPhase section */

/* Begin PBXGroup section */
		76366FB029ADC296003FD939 /* FilterView */ = {
			isa = PBXGroup;
			children = (
				76366FAE29ADC245003FD939 /* FilterView.swift */,
				76366FB129ADC2BA003FD939 /* TextFieldsFilerView.swift */,
			);
			path = FilterView;
			sourceTree = "<group>";
		};
		76EAF42A29B8C11D001BEEBE /* ProductGrid */ = {
			isa = PBXGroup;
			children = (
				76EAFFA529ABD722001799EB /* ProductView.swift */,
				76EAFFA729ABDBAB001799EB /* ProductGridView.swift */,
			);
			path = ProductGrid;
			sourceTree = "<group>";
		};
		76EAF42B29B8C137001BEEBE /* EventView */ = {
			isa = PBXGroup;
			children = (
			);
			path = EventView;
			sourceTree = "<group>";
		};
		76EAF42C29B8C159001BEEBE /* SizeView */ = {
			isa = PBXGroup;
			children = (
			);
			path = SizeView;
			sourceTree = "<group>";
		};
		76EAFF7429AB3ACC001799EB = {
			isa = PBXGroup;
			children = (
				76EAFF7F29AB3ACC001799EB /* ZefirDress92 */,
				76EAFF7E29AB3ACC001799EB /* Products */,
			);
			sourceTree = "<group>";
		};
		76EAFF7E29AB3ACC001799EB /* Products */ = {
			isa = PBXGroup;
			children = (
				76EAFF7D29AB3ACC001799EB /* ZefirDress92.app */,
			);
			name = Products;
			sourceTree = "<group>";
		};
		76EAFF7F29AB3ACC001799EB /* ZefirDress92 */ = {
			isa = PBXGroup;
			children = (
				76EAFF9B29AB7DE8001799EB /* View */,
				76EAFF9429AB7AAD001799EB /* Utility */,
				76EAFF9129AB7A30001799EB /* Network */,
				76EAFF8E29AB3AF7001799EB /* Model */,
				76EAFF8029AB3ACC001799EB /* ZefirDress92App.swift */,
				76EAFF8229AB3ACC001799EB /* ContentView.swift */,
				76EAFF8429AB3ACE001799EB /* Assets.xcassets */,
				76EAFF8629AB3ACE001799EB /* Preview Content */,
				76EAFFAB29AC9765001799EB /* product.json */,
				76366FBD29AE43DC003FD939 /* RealmManager.swift */,
				76366FBF29AE453E003FD939 /* RealmModel.swift */,
			);
			path = ZefirDress92;
			sourceTree = "<group>";
		};
		76EAFF8629AB3ACE001799EB /* Preview Content */ = {
			isa = PBXGroup;
			children = (
				76EAFF8729AB3ACE001799EB /* Preview Assets.xcassets */,
			);
			path = "Preview Content";
			sourceTree = "<group>";
		};
		76EAFF8E29AB3AF7001799EB /* Model */ = {
			isa = PBXGroup;
			children = (
				76EAFF8F29AB7829001799EB /* Product.swift */,
			);
			path = Model;
			sourceTree = "<group>";
		};
		76EAFF9129AB7A30001799EB /* Network */ = {
			isa = PBXGroup;
			children = (
				76EAFF9229AB7A7A001799EB /* CodableBundleExtention.swift */,
			);
			path = Network;
			sourceTree = "<group>";
		};
		76EAFF9429AB7AAD001799EB /* Utility */ = {
			isa = PBXGroup;
			children = (
				76EAFF9529AB7AC2001799EB /* Constant.swift */,
				76EAFF9729AB7B47001799EB /* Shop.swift */,
				76EAFF9929AB7C32001799EB /* EditButton.swift */,
			);
			path = Utility;
			sourceTree = "<group>";
		};
		76EAFF9B29AB7DE8001799EB /* View */ = {
			isa = PBXGroup;
			children = (
				76EAFFA429ABD70A001799EB /* Home */,
				76EAFFA129AB85EF001799EB /* Items */,
				76EAFF9C29AB7DF0001799EB /* CartView */,
			);
			path = View;
			sourceTree = "<group>";
		};
		76EAFF9C29AB7DF0001799EB /* CartView */ = {
			isa = PBXGroup;
			children = (
				76EAFF9F29AB822D001799EB /* CheckoutView.swift */,
				76EAFFAF29ACA369001799EB /* CartView.swift */,
			);
			path = CartView;
			sourceTree = "<group>";
		};
		76EAFFA129AB85EF001799EB /* Items */ = {
			isa = PBXGroup;
			children = (
				76EAFFA229AB860C001799EB /* ItemDetailView.swift */,
				76EAFFB129AD48C1001799EB /* AddToCartButton.swift */,
				76EAF42629B7B917001BEEBE /* ItemSizeCheckView.swift */,
				76EAF42829B8B821001BEEBE /* ItemPriceView.swift */,
				76EAFFB329AD4DEB001799EB /* ItemDescriptionView.swift */,
			);
			path = Items;
			sourceTree = "<group>";
		};
		76EAFFA429ABD70A001799EB /* Home */ = {
			isa = PBXGroup;
			children = (
				76EAF42C29B8C159001BEEBE /* SizeView */,
				76EAF42B29B8C137001BEEBE /* EventView */,
				76EAF42A29B8C11D001BEEBE /* ProductGrid */,
				76366FB029ADC296003FD939 /* FilterView */,
				76ECFE2529AFA515008EF1B6 /* HomeScreen.swift */,
			);
			path = Home;
			sourceTree = "<group>";
		};
/* End PBXGroup section */

/* Begin PBXNativeTarget section */
		76EAFF7C29AB3ACC001799EB /* ZefirDress92 */ = {
			isa = PBXNativeTarget;
			buildConfigurationList = 76EAFF8B29AB3ACE001799EB /* Build configuration list for PBXNativeTarget "ZefirDress92" */;
			buildPhases = (
				76EAFF7929AB3ACC001799EB /* Sources */,
				76EAFF7A29AB3ACC001799EB /* Frameworks */,
				76EAFF7B29AB3ACC001799EB /* Resources */,
			);
			buildRules = (
			);
			dependencies = (
			);
			name = ZefirDress92;
			packageProductDependencies = (
				76366FB929AE437B003FD939 /* Realm */,
				76366FBB29AE437B003FD939 /* RealmSwift */,
			);
			productName = ZefirDress92;
			productReference = 76EAFF7D29AB3ACC001799EB /* ZefirDress92.app */;
			productType = "com.apple.product-type.application";
		};
/* End PBXNativeTarget section */

/* Begin PBXProject section */
		76EAFF7529AB3ACC001799EB /* Project object */ = {
			isa = PBXProject;
			attributes = {
				BuildIndependentTargetsInParallel = 1;
				LastSwiftUpdateCheck = 1420;
				LastUpgradeCheck = 1420;
				TargetAttributes = {
					76EAFF7C29AB3ACC001799EB = {
						CreatedOnToolsVersion = 14.2;
					};
				};
			};
			buildConfigurationList = 76EAFF7829AB3ACC001799EB /* Build configuration list for PBXProject "ZefirDress92" */;
			compatibilityVersion = "Xcode 14.0";
			developmentRegion = en;
			hasScannedForEncodings = 0;
			knownRegions = (
				en,
				Base,
			);
			mainGroup = 76EAFF7429AB3ACC001799EB;
			packageReferences = (
				76366FB829AE437B003FD939 /* XCRemoteSwiftPackageReference "realm-swift" */,
			);
			productRefGroup = 76EAFF7E29AB3ACC001799EB /* Products */;
			projectDirPath = "";
			projectRoot = "";
			targets = (
				76EAFF7C29AB3ACC001799EB /* ZefirDress92 */,
			);
		};
/* End PBXProject section */

/* Begin PBXResourcesBuildPhase section */
		76EAFF7B29AB3ACC001799EB /* Resources */ = {
			isa = PBXResourcesBuildPhase;
			buildActionMask = 2147483647;
			files = (
				76EAFF8829AB3ACE001799EB /* Preview Assets.xcassets in Resources */,
				76EAFF8529AB3ACE001799EB /* Assets.xcassets in Resources */,
				76EAFFAC29AC9765001799EB /* product.json in Resources */,
			);
			runOnlyForDeploymentPostprocessing = 0;
		};
/* End PBXResourcesBuildPhase section */

/* Begin PBXSourcesBuildPhase section */
		76EAFF7929AB3ACC001799EB /* Sources */ = {
			isa = PBXSourcesBuildPhase;
			buildActionMask = 2147483647;
			files = (
				76EAFFB429AD4DEB001799EB /* ItemDescriptionView.swift in Sources */,
				76EAFFA329AB860C001799EB /* ItemDetailView.swift in Sources */,
				76EAFF8329AB3ACC001799EB /* ContentView.swift in Sources */,
				76EAFFB229AD48C1001799EB /* AddToCartButton.swift in Sources */,
				76EAFFB029ACA369001799EB /* CartView.swift in Sources */,
				76EAFF9329AB7A7A001799EB /* CodableBundleExtention.swift in Sources */,
				76366FBE29AE43DC003FD939 /* RealmManager.swift in Sources */,
				76EAFF9A29AB7C32001799EB /* EditButton.swift in Sources */,
				76EAFF9629AB7AC2001799EB /* Constant.swift in Sources */,
				76EAFF9829AB7B47001799EB /* Shop.swift in Sources */,
				76366FB229ADC2BA003FD939 /* TextFieldsFilerView.swift in Sources */,
				76EAFF8129AB3ACC001799EB /* ZefirDress92App.swift in Sources */,
				76EAFFA629ABD722001799EB /* ProductView.swift in Sources */,
				76EAF42729B7B917001BEEBE /* ItemSizeCheckView.swift in Sources */,
				76366FC029AE453E003FD939 /* RealmModel.swift in Sources */,
				76EAFF9029AB7829001799EB /* Product.swift in Sources */,
				76EAF42929B8B821001BEEBE /* ItemPriceView.swift in Sources */,
				76ECFE2629AFA515008EF1B6 /* HomeScreen.swift in Sources */,
				76EAFFA829ABDBAB001799EB /* ProductGridView.swift in Sources */,
				76366FAF29ADC245003FD939 /* FilterView.swift in Sources */,
				76EAFFA029AB822D001799EB /* CheckoutView.swift in Sources */,
			);
			runOnlyForDeploymentPostprocessing = 0;
		};
/* End PBXSourcesBuildPhase section */

/* Begin XCBuildConfiguration section */
		76EAFF8929AB3ACE001799EB /* Debug */ = {
			isa = XCBuildConfiguration;
			buildSettings = {
				ALWAYS_SEARCH_USER_PATHS = NO;
				CLANG_ANALYZER_NONNULL = YES;
				CLANG_ANALYZER_NUMBER_OBJECT_CONVERSION = YES_AGGRESSIVE;
				CLANG_CXX_LANGUAGE_STANDARD = "gnu++20";
				CLANG_ENABLE_MODULES = YES;
				CLANG_ENABLE_OBJC_ARC = YES;
				CLANG_ENABLE_OBJC_WEAK = YES;
				CLANG_WARN_BLOCK_CAPTURE_AUTORELEASING = YES;
				CLANG_WARN_BOOL_CONVERSION = YES;
				CLANG_WARN_COMMA = YES;
				CLANG_WARN_CONSTANT_CONVERSION = YES;
				CLANG_WARN_DEPRECATED_OBJC_IMPLEMENTATIONS = YES;
				CLANG_WARN_DIRECT_OBJC_ISA_USAGE = YES_ERROR;
				CLANG_WARN_DOCUMENTATION_COMMENTS = YES;
				CLANG_WARN_EMPTY_BODY = YES;
				CLANG_WARN_ENUM_CONVERSION = YES;
				CLANG_WARN_INFINITE_RECURSION = YES;
				CLANG_WARN_INT_CONVERSION = YES;
				CLANG_WARN_NON_LITERAL_NULL_CONVERSION = YES;
				CLANG_WARN_OBJC_IMPLICIT_RETAIN_SELF = YES;
				CLANG_WARN_OBJC_LITERAL_CONVERSION = YES;
				CLANG_WARN_OBJC_ROOT_CLASS = YES_ERROR;
				CLANG_WARN_QUOTED_INCLUDE_IN_FRAMEWORK_HEADER = YES;
				CLANG_WARN_RANGE_LOOP_ANALYSIS = YES;
				CLANG_WARN_STRICT_PROTOTYPES = YES;
				CLANG_WARN_SUSPICIOUS_MOVE = YES;
				CLANG_WARN_UNGUARDED_AVAILABILITY = YES_AGGRESSIVE;
				CLANG_WARN_UNREACHABLE_CODE = YES;
				CLANG_WARN__DUPLICATE_METHOD_MATCH = YES;
				COPY_PHASE_STRIP = NO;
				DEBUG_INFORMATION_FORMAT = dwarf;
				ENABLE_STRICT_OBJC_MSGSEND = YES;
				ENABLE_TESTABILITY = YES;
				GCC_C_LANGUAGE_STANDARD = gnu11;
				GCC_DYNAMIC_NO_PIC = NO;
				GCC_NO_COMMON_BLOCKS = YES;
				GCC_OPTIMIZATION_LEVEL = 0;
				GCC_PREPROCESSOR_DEFINITIONS = (
					"DEBUG=1",
					"$(inherited)",
				);
				GCC_WARN_64_TO_32_BIT_CONVERSION = YES;
				GCC_WARN_ABOUT_RETURN_TYPE = YES_ERROR;
				GCC_WARN_UNDECLARED_SELECTOR = YES;
				GCC_WARN_UNINITIALIZED_AUTOS = YES_AGGRESSIVE;
				GCC_WARN_UNUSED_FUNCTION = YES;
				GCC_WARN_UNUSED_VARIABLE = YES;
				IPHONEOS_DEPLOYMENT_TARGET = 16.2;
				MTL_ENABLE_DEBUG_INFO = INCLUDE_SOURCE;
				MTL_FAST_MATH = YES;
				ONLY_ACTIVE_ARCH = YES;
				SDKROOT = iphoneos;
				SWIFT_ACTIVE_COMPILATION_CONDITIONS = DEBUG;
				SWIFT_OPTIMIZATION_LEVEL = "-Onone";
			};
			name = Debug;
		};
		76EAFF8A29AB3ACE001799EB /* Release */ = {
			isa = XCBuildConfiguration;
			buildSettings = {
				ALWAYS_SEARCH_USER_PATHS = NO;
				CLANG_ANALYZER_NONNULL = YES;
				CLANG_ANALYZER_NUMBER_OBJECT_CONVERSION = YES_AGGRESSIVE;
				CLANG_CXX_LANGUAGE_STANDARD = "gnu++20";
				CLANG_ENABLE_MODULES = YES;
				CLANG_ENABLE_OBJC_ARC = YES;
				CLANG_ENABLE_OBJC_WEAK = YES;
				CLANG_WARN_BLOCK_CAPTURE_AUTORELEASING = YES;
				CLANG_WARN_BOOL_CONVERSION = YES;
				CLANG_WARN_COMMA = YES;
				CLANG_WARN_CONSTANT_CONVERSION = YES;
				CLANG_WARN_DEPRECATED_OBJC_IMPLEMENTATIONS = YES;
				CLANG_WARN_DIRECT_OBJC_ISA_USAGE = YES_ERROR;
				CLANG_WARN_DOCUMENTATION_COMMENTS = YES;
				CLANG_WARN_EMPTY_BODY = YES;
				CLANG_WARN_ENUM_CONVERSION = YES;
				CLANG_WARN_INFINITE_RECURSION = YES;
				CLANG_WARN_INT_CONVERSION = YES;
				CLANG_WARN_NON_LITERAL_NULL_CONVERSION = YES;
				CLANG_WARN_OBJC_IMPLICIT_RETAIN_SELF = YES;
				CLANG_WARN_OBJC_LITERAL_CONVERSION = YES;
				CLANG_WARN_OBJC_ROOT_CLASS = YES_ERROR;
				CLANG_WARN_QUOTED_INCLUDE_IN_FRAMEWORK_HEADER = YES;
				CLANG_WARN_RANGE_LOOP_ANALYSIS = YES;
				CLANG_WARN_STRICT_PROTOTYPES = YES;
				CLANG_WARN_SUSPICIOUS_MOVE = YES;
				CLANG_WARN_UNGUARDED_AVAILABILITY = YES_AGGRESSIVE;
				CLANG_WARN_UNREACHABLE_CODE = YES;
				CLANG_WARN__DUPLICATE_METHOD_MATCH = YES;
				COPY_PHASE_STRIP = NO;
				DEBUG_INFORMATION_FORMAT = "dwarf-with-dsym";
				ENABLE_NS_ASSERTIONS = NO;
				ENABLE_STRICT_OBJC_MSGSEND = YES;
				GCC_C_LANGUAGE_STANDARD = gnu11;
				GCC_NO_COMMON_BLOCKS = YES;
				GCC_WARN_64_TO_32_BIT_CONVERSION = YES;
				GCC_WARN_ABOUT_RETURN_TYPE = YES_ERROR;
				GCC_WARN_UNDECLARED_SELECTOR = YES;
				GCC_WARN_UNINITIALIZED_AUTOS = YES_AGGRESSIVE;
				GCC_WARN_UNUSED_FUNCTION = YES;
				GCC_WARN_UNUSED_VARIABLE = YES;
				IPHONEOS_DEPLOYMENT_TARGET = 16.2;
				MTL_ENABLE_DEBUG_INFO = NO;
				MTL_FAST_MATH = YES;
				SDKROOT = iphoneos;
				SWIFT_COMPILATION_MODE = wholemodule;
				SWIFT_OPTIMIZATION_LEVEL = "-O";
				VALIDATE_PRODUCT = YES;
			};
			name = Release;
		};
		76EAFF8C29AB3ACE001799EB /* Debug */ = {
			isa = XCBuildConfiguration;
			buildSettings = {
				ASSETCATALOG_COMPILER_APPICON_NAME = AppIcon;
				ASSETCATALOG_COMPILER_GLOBAL_ACCENT_COLOR_NAME = AccentColor;
				CODE_SIGN_STYLE = Automatic;
				CURRENT_PROJECT_VERSION = 1;
				DEVELOPMENT_ASSET_PATHS = "\"ZefirDress92/Preview Content\"";
				DEVELOPMENT_TEAM = 9S5AJR5C22;
				ENABLE_PREVIEWS = YES;
				GENERATE_INFOPLIST_FILE = YES;
				INFOPLIST_KEY_UIApplicationSceneManifest_Generation = YES;
				INFOPLIST_KEY_UIApplicationSupportsIndirectInputEvents = YES;
				INFOPLIST_KEY_UILaunchScreen_Generation = YES;
				INFOPLIST_KEY_UISupportedInterfaceOrientations = "UIInterfaceOrientationPortrait UIInterfaceOrientationPortraitUpsideDown";
				INFOPLIST_KEY_UISupportedInterfaceOrientations_iPad = "UIInterfaceOrientationLandscapeLeft UIInterfaceOrientationLandscapeRight UIInterfaceOrientationPortrait UIInterfaceOrientationPortraitUpsideDown";
				IPHONEOS_DEPLOYMENT_TARGET = 14.0;
				LD_RUNPATH_SEARCH_PATHS = (
					"$(inherited)",
					"@executable_path/Frameworks",
				);
				MARKETING_VERSION = 1.0;
				PRODUCT_BUNDLE_IDENTIFIER = rzamolotov.ZefirDress92;
				PRODUCT_NAME = "$(TARGET_NAME)";
				SUPPORTED_PLATFORMS = "iphoneos iphonesimulator";
				SUPPORTS_MACCATALYST = NO;
				SUPPORTS_MAC_DESIGNED_FOR_IPHONE_IPAD = NO;
				SWIFT_EMIT_LOC_STRINGS = YES;
				SWIFT_VERSION = 5.0;
				TARGETED_DEVICE_FAMILY = 1;
			};
			name = Debug;
		};
		76EAFF8D29AB3ACE001799EB /* Release */ = {
			isa = XCBuildConfiguration;
			buildSettings = {
				ASSETCATALOG_COMPILER_APPICON_NAME = AppIcon;
				ASSETCATALOG_COMPILER_GLOBAL_ACCENT_COLOR_NAME = AccentColor;
				CODE_SIGN_STYLE = Automatic;
				CURRENT_PROJECT_VERSION = 1;
				DEVELOPMENT_ASSET_PATHS = "\"ZefirDress92/Preview Content\"";
				DEVELOPMENT_TEAM = 9S5AJR5C22;
				ENABLE_PREVIEWS = YES;
				GENERATE_INFOPLIST_FILE = YES;
				INFOPLIST_KEY_UIApplicationSceneManifest_Generation = YES;
				INFOPLIST_KEY_UIApplicationSupportsIndirectInputEvents = YES;
				INFOPLIST_KEY_UILaunchScreen_Generation = YES;
				INFOPLIST_KEY_UISupportedInterfaceOrientations = "UIInterfaceOrientationPortrait UIInterfaceOrientationPortraitUpsideDown";
				INFOPLIST_KEY_UISupportedInterfaceOrientations_iPad = "UIInterfaceOrientationLandscapeLeft UIInterfaceOrientationLandscapeRight UIInterfaceOrientationPortrait UIInterfaceOrientationPortraitUpsideDown";
				IPHONEOS_DEPLOYMENT_TARGET = 14.0;
				LD_RUNPATH_SEARCH_PATHS = (
					"$(inherited)",
					"@executable_path/Frameworks",
				);
				MARKETING_VERSION = 1.0;
				PRODUCT_BUNDLE_IDENTIFIER = rzamolotov.ZefirDress92;
				PRODUCT_NAME = "$(TARGET_NAME)";
				SUPPORTED_PLATFORMS = "iphoneos iphonesimulator";
				SUPPORTS_MACCATALYST = NO;
				SUPPORTS_MAC_DESIGNED_FOR_IPHONE_IPAD = NO;
				SWIFT_EMIT_LOC_STRINGS = YES;
				SWIFT_VERSION = 5.0;
				TARGETED_DEVICE_FAMILY = 1;
			};
			name = Release;
		};
/* End XCBuildConfiguration section */

/* Begin XCConfigurationList section */
		76EAFF7829AB3ACC001799EB /* Build configuration list for PBXProject "ZefirDress92" */ = {
			isa = XCConfigurationList;
			buildConfigurations = (
				76EAFF8929AB3ACE001799EB /* Debug */,
				76EAFF8A29AB3ACE001799EB /* Release */,
			);
			defaultConfigurationIsVisible = 0;
			defaultConfigurationName = Release;
		};
		76EAFF8B29AB3ACE001799EB /* Build configuration list for PBXNativeTarget "ZefirDress92" */ = {
			isa = XCConfigurationList;
			buildConfigurations = (
				76EAFF8C29AB3ACE001799EB /* Debug */,
				76EAFF8D29AB3ACE001799EB /* Release */,
			);
			defaultConfigurationIsVisible = 0;
			defaultConfigurationName = Release;
		};
/* End XCConfigurationList section */

/* Begin XCRemoteSwiftPackageReference section */
		76366FB829AE437B003FD939 /* XCRemoteSwiftPackageReference "realm-swift" */ = {
			isa = XCRemoteSwiftPackageReference;
			repositoryURL = "https://github.com/realm/realm-swift";
			requirement = {
				kind = upToNextMajorVersion;
				minimumVersion = 10.10.0;
			};
		};
/* End XCRemoteSwiftPackageReference section */

/* Begin XCSwiftPackageProductDependency section */
		76366FB929AE437B003FD939 /* Realm */ = {
			isa = XCSwiftPackageProductDependency;
			package = 76366FB829AE437B003FD939 /* XCRemoteSwiftPackageReference "realm-swift" */;
			productName = Realm;
		};
		76366FBB29AE437B003FD939 /* RealmSwift */ = {
			isa = XCSwiftPackageProductDependency;
			package = 76366FB829AE437B003FD939 /* XCRemoteSwiftPackageReference "realm-swift" */;
			productName = RealmSwift;
		};
/* End XCSwiftPackageProductDependency section */
	};
	rootObject = 76EAFF7529AB3ACC001799EB /* Project object */;
}
