// !$*UTF8*$!
{
	archiveVersion = 1;
	classes = {
	};
	objectVersion = 56;
	objects = {

/* Begin PBXBuildFile section */
		761E10DD29E7E82700219F6B /* SearchView.swift in Sources */ = {isa = PBXBuildFile; fileRef = 761E10DC29E7E82700219F6B /* SearchView.swift */; };
		76301F0F29FFA0B200A0E7DF /* UserDataViewModel.swift in Sources */ = {isa = PBXBuildFile; fileRef = 76301F0E29FFA0B200A0E7DF /* UserDataViewModel.swift */; };
		76301F112A00FECB00A0E7DF /* FavoriteButtonViewModel.swift in Sources */ = {isa = PBXBuildFile; fileRef = 76301F102A00FECB00A0E7DF /* FavoriteButtonViewModel.swift */; };
		76301F162A013C9F00A0E7DF /* AddToCartViewModel.swift in Sources */ = {isa = PBXBuildFile; fileRef = 76301F152A013C9F00A0E7DF /* AddToCartViewModel.swift */; };
		76301F182A0160EE00A0E7DF /* CartImageView.swift in Sources */ = {isa = PBXBuildFile; fileRef = 76301F172A0160EE00A0E7DF /* CartImageView.swift */; };
		76301F1A2A01630900A0E7DF /* OrderViewModel.swift in Sources */ = {isa = PBXBuildFile; fileRef = 76301F192A01630900A0E7DF /* OrderViewModel.swift */; };
		76301F1D2A01950D00A0E7DF /* EmptyPlaceholder.swift in Sources */ = {isa = PBXBuildFile; fileRef = 76301F1C2A01950D00A0E7DF /* EmptyPlaceholder.swift */; };
		763ABA6B2A08F26700DD0C4E /* LaunchScreen.storyboard in Resources */ = {isa = PBXBuildFile; fileRef = 763ABA6A2A08F26700DD0C4E /* LaunchScreen.storyboard */; };
		763B1FA529BDF7C80027C3E3 /* FavoriteButtonView.swift in Sources */ = {isa = PBXBuildFile; fileRef = 763B1FA429BDF7C80027C3E3 /* FavoriteButtonView.swift */; };
		763BF69C29F11651008BBA80 /* Kingfisher in Frameworks */ = {isa = PBXBuildFile; productRef = 763BF69B29F11651008BBA80 /* Kingfisher */; };
		7642E02229D5DACC00A37D01 /* FavoriteAddToCartItem.swift in Sources */ = {isa = PBXBuildFile; fileRef = 7642E02129D5DACC00A37D01 /* FavoriteAddToCartItem.swift */; };
		7642E02429D5DAF500A37D01 /* FavoriteAddToFavoriteItem.swift in Sources */ = {isa = PBXBuildFile; fileRef = 7642E02329D5DAF500A37D01 /* FavoriteAddToFavoriteItem.swift */; };
		7642E02B29D6D11400A37D01 /* HTTPDataDownloader.swift in Sources */ = {isa = PBXBuildFile; fileRef = 7642E02A29D6D11400A37D01 /* HTTPDataDownloader.swift */; };
		7642E02D29D6D14600A37D01 /* ProductError.swift in Sources */ = {isa = PBXBuildFile; fileRef = 7642E02C29D6D14600A37D01 /* ProductError.swift */; };
		7642E02F29D6D24400A37D01 /* ProductJSON.swift in Sources */ = {isa = PBXBuildFile; fileRef = 7642E02E29D6D24400A37D01 /* ProductJSON.swift */; };
		7642E03129D6D3E400A37D01 /* ProductProvider.swift in Sources */ = {isa = PBXBuildFile; fileRef = 7642E03029D6D3E400A37D01 /* ProductProvider.swift */; };
		7644A7FA29C04BBC00B1E788 /* FavoritesGridView.swift in Sources */ = {isa = PBXBuildFile; fileRef = 7644A7F929C04BBC00B1E788 /* FavoritesGridView.swift */; };
		764B9C3529D5D6660077B1A4 /* FavoriteImageView.swift in Sources */ = {isa = PBXBuildFile; fileRef = 764B9C3429D5D6660077B1A4 /* FavoriteImageView.swift */; };
		764B9C3729D5D7270077B1A4 /* FavoriteTitleTextView.swift in Sources */ = {isa = PBXBuildFile; fileRef = 764B9C3629D5D7270077B1A4 /* FavoriteTitleTextView.swift */; };
		7654713F29E4546F00C7BEC0 /* SendOrderButton.swift in Sources */ = {isa = PBXBuildFile; fileRef = 7654713E29E4546F00C7BEC0 /* SendOrderButton.swift */; };
		765F214629BCA2250052A95B /* ViewRouter.swift in Sources */ = {isa = PBXBuildFile; fileRef = 765F214529BCA2250052A95B /* ViewRouter.swift */; };
		765F214829BCA2500052A95B /* Helpers.swift in Sources */ = {isa = PBXBuildFile; fileRef = 765F214729BCA2500052A95B /* Helpers.swift */; };
		765F581429D466B500042727 /* Network.swift in Sources */ = {isa = PBXBuildFile; fileRef = 765F581329D466B500042727 /* Network.swift */; };
		7660964D29EE709B00514C45 /* SwiftSMTP in Frameworks */ = {isa = PBXBuildFile; productRef = 7660964C29EE709B00514C45 /* SwiftSMTP */; };
		7660967B29EEE24200514C45 /* Montserrat-Black.ttf in Resources */ = {isa = PBXBuildFile; fileRef = 7660967929EEE14D00514C45 /* Montserrat-Black.ttf */; };
		7660967C29EEE24600514C45 /* Montserrat-ExtraBold.ttf in Resources */ = {isa = PBXBuildFile; fileRef = 7660967729EEE14D00514C45 /* Montserrat-ExtraBold.ttf */; };
		7660967D29EEE24600514C45 /* Montserrat-Bold.ttf in Resources */ = {isa = PBXBuildFile; fileRef = 7660967529EEE14D00514C45 /* Montserrat-Bold.ttf */; };
		7660967E29EEE24600514C45 /* Montserrat-Italic.ttf in Resources */ = {isa = PBXBuildFile; fileRef = 7660967329EEE14D00514C45 /* Montserrat-Italic.ttf */; };
		7660967F29EEE24600514C45 /* Montserrat-Light.ttf in Resources */ = {isa = PBXBuildFile; fileRef = 7660967829EEE14D00514C45 /* Montserrat-Light.ttf */; };
		7660968029EEE24600514C45 /* Montserrat-Thin.ttf in Resources */ = {isa = PBXBuildFile; fileRef = 7660967429EEE14D00514C45 /* Montserrat-Thin.ttf */; };
		7660968129EEE24600514C45 /* Montserrat-Medium.ttf in Resources */ = {isa = PBXBuildFile; fileRef = 7660967129EEE14D00514C45 /* Montserrat-Medium.ttf */; };
		7660968229EEE24600514C45 /* Montserrat-Regular.ttf in Resources */ = {isa = PBXBuildFile; fileRef = 7660967029EEE14D00514C45 /* Montserrat-Regular.ttf */; };
		7660968329EEE24600514C45 /* Montserrat-ExtraLight.ttf in Resources */ = {isa = PBXBuildFile; fileRef = 7660967229EEE14D00514C45 /* Montserrat-ExtraLight.ttf */; };
		7660968429EEE24600514C45 /* Montserrat-ThinItalic.ttf in Resources */ = {isa = PBXBuildFile; fileRef = 7660967629EEE14D00514C45 /* Montserrat-ThinItalic.ttf */; };
		7660968529EEE24600514C45 /* Montserrat-MediumItalic.ttf in Resources */ = {isa = PBXBuildFile; fileRef = 7660967A29EEE14E00514C45 /* Montserrat-MediumItalic.ttf */; };
		7660968729EFBBD800514C45 /* HelloTextView.swift in Sources */ = {isa = PBXBuildFile; fileRef = 7660968629EFBBD800514C45 /* HelloTextView.swift */; };
		7660968929EFC41400514C45 /* ItemView.swift in Sources */ = {isa = PBXBuildFile; fileRef = 7660968829EFC41400514C45 /* ItemView.swift */; };
		7660968B29EFC62A00514C45 /* ItemGridView.swift in Sources */ = {isa = PBXBuildFile; fileRef = 7660968A29EFC62A00514C45 /* ItemGridView.swift */; };
		7660968F29EFC76A00514C45 /* HomeScreenView.swift in Sources */ = {isa = PBXBuildFile; fileRef = 7660968E29EFC76A00514C45 /* HomeScreenView.swift */; };
		7660969129EFCC4C00514C45 /* TitleBestItems.swift in Sources */ = {isa = PBXBuildFile; fileRef = 7660969029EFCC4C00514C45 /* TitleBestItems.swift */; };
		766F0EDA29E5AB74006D74DF /* HeaderViewHomeScreen.swift in Sources */ = {isa = PBXBuildFile; fileRef = 766F0ED929E5AB74006D74DF /* HeaderViewHomeScreen.swift */; };
		766F0EDF29E5E17E006D74DF /* TabItemData.swift in Sources */ = {isa = PBXBuildFile; fileRef = 766F0EDE29E5E17E006D74DF /* TabItemData.swift */; };
		766F0EE129E5E1EB006D74DF /* TabItemView.swift in Sources */ = {isa = PBXBuildFile; fileRef = 766F0EE029E5E1EB006D74DF /* TabItemView.swift */; };
		766F0EE329E5E501006D74DF /* TabBottomView.swift in Sources */ = {isa = PBXBuildFile; fileRef = 766F0EE229E5E501006D74DF /* TabBottomView.swift */; };
		766F0EE529E5E86D006D74DF /* CustomTabView.swift in Sources */ = {isa = PBXBuildFile; fileRef = 766F0EE429E5E86D006D74DF /* CustomTabView.swift */; };
		766F0EE729E5EB64006D74DF /* MainTabView.swift in Sources */ = {isa = PBXBuildFile; fileRef = 766F0EE629E5EB64006D74DF /* MainTabView.swift */; };
		7682EBC029C0D03A0073142B /* Persistance.swift in Sources */ = {isa = PBXBuildFile; fileRef = 7682EBBF29C0D03A0073142B /* Persistance.swift */; };
		7682EBC329C0D0710073142B /* ProductData.xcdatamodeld in Sources */ = {isa = PBXBuildFile; fileRef = 7682EBC129C0D0710073142B /* ProductData.xcdatamodeld */; };
		7682EBC929C10D2B0073142B /* CartProductInfo.swift in Sources */ = {isa = PBXBuildFile; fileRef = 7682EBC829C10D2B0073142B /* CartProductInfo.swift */; };
		7682EBCB29C10F6E0073142B /* PriceCartView.swift in Sources */ = {isa = PBXBuildFile; fileRef = 7682EBCA29C10F6E0073142B /* PriceCartView.swift */; };
		7682EBCD29C112840073142B /* AccountSheet.swift in Sources */ = {isa = PBXBuildFile; fileRef = 7682EBCC29C112840073142B /* AccountSheet.swift */; };
		7682EBCF29C112CF0073142B /* ProfileVIew.swift in Sources */ = {isa = PBXBuildFile; fileRef = 7682EBCE29C112CF0073142B /* ProfileVIew.swift */; };
		76964F6C2A08B6A000B9C959 /* ItemBackButton.swift in Sources */ = {isa = PBXBuildFile; fileRef = 76964F6B2A08B6A000B9C959 /* ItemBackButton.swift */; };
		769DD15D2A02EE2E00921E04 /* ProfileLogoutButton.swift in Sources */ = {isa = PBXBuildFile; fileRef = 769DD15C2A02EE2E00921E04 /* ProfileLogoutButton.swift */; };
		769DD15F2A04EAA100921E04 /* ContactsView.swift in Sources */ = {isa = PBXBuildFile; fileRef = 769DD15E2A04EAA100921E04 /* ContactsView.swift */; };
		769DD1612A04EAC900921E04 /* WorkConditionsView.swift in Sources */ = {isa = PBXBuildFile; fileRef = 769DD1602A04EAC900921E04 /* WorkConditionsView.swift */; };
		76A57ADA29D75D3000F428AB /* ZefirDress92Tests.swift in Sources */ = {isa = PBXBuildFile; fileRef = 76A57AD929D75D3000F428AB /* ZefirDress92Tests.swift */; };
		76A57AE329D75E5600F428AB /* ProductTests.swift in Sources */ = {isa = PBXBuildFile; fileRef = 76A57AE229D75E5600F428AB /* ProductTests.swift */; };
		76A57AE429D8527200F428AB /* TestData.swift in Sources */ = {isa = PBXBuildFile; fileRef = 76A57AE029D75D6B00F428AB /* TestData.swift */; };
		76A57AE829D852DC00F428AB /* TestDownloader.swift in Sources */ = {isa = PBXBuildFile; fileRef = 76A57AE729D852DC00F428AB /* TestDownloader.swift */; };
		76DEE5E029EA917700B252D1 /* AboutUsView.swift in Sources */ = {isa = PBXBuildFile; fileRef = 76DEE5DF29EA917700B252D1 /* AboutUsView.swift */; };
		76EAF42729B7B917001BEEBE /* ItemSizeCheckView.swift in Sources */ = {isa = PBXBuildFile; fileRef = 76EAF42629B7B917001BEEBE /* ItemSizeCheckView.swift */; };
		76EAF42929B8B821001BEEBE /* ItemPriceView.swift in Sources */ = {isa = PBXBuildFile; fileRef = 76EAF42829B8B821001BEEBE /* ItemPriceView.swift */; };
		76EAFF8129AB3ACC001799EB /* ZefirDress92App.swift in Sources */ = {isa = PBXBuildFile; fileRef = 76EAFF8029AB3ACC001799EB /* ZefirDress92App.swift */; };
		76EAFF8329AB3ACC001799EB /* MainView.swift in Sources */ = {isa = PBXBuildFile; fileRef = 76EAFF8229AB3ACC001799EB /* MainView.swift */; };
		76EAFF8529AB3ACE001799EB /* Assets.xcassets in Resources */ = {isa = PBXBuildFile; fileRef = 76EAFF8429AB3ACE001799EB /* Assets.xcassets */; };
		76EAFF8829AB3ACE001799EB /* Preview Assets.xcassets in Resources */ = {isa = PBXBuildFile; fileRef = 76EAFF8729AB3ACE001799EB /* Preview Assets.xcassets */; };
		76EAFF9029AB7829001799EB /* Product.swift in Sources */ = {isa = PBXBuildFile; fileRef = 76EAFF8F29AB7829001799EB /* Product.swift */; };
		76EAFF9629AB7AC2001799EB /* Constant.swift in Sources */ = {isa = PBXBuildFile; fileRef = 76EAFF9529AB7AC2001799EB /* Constant.swift */; };
		76EAFFA329AB860C001799EB /* ItemDetailView.swift in Sources */ = {isa = PBXBuildFile; fileRef = 76EAFFA229AB860C001799EB /* ItemDetailView.swift */; };
		76EAFFAC29AC9765001799EB /* product.json in Resources */ = {isa = PBXBuildFile; fileRef = 76EAFFAB29AC9765001799EB /* product.json */; };
		76EAFFB029ACA369001799EB /* CartView.swift in Sources */ = {isa = PBXBuildFile; fileRef = 76EAFFAF29ACA369001799EB /* CartView.swift */; };
		76EAFFB229AD48C1001799EB /* AddToCartButton.swift in Sources */ = {isa = PBXBuildFile; fileRef = 76EAFFB129AD48C1001799EB /* AddToCartButton.swift */; };
		76EAFFB429AD4DEB001799EB /* ItemDescriptionView.swift in Sources */ = {isa = PBXBuildFile; fileRef = 76EAFFB329AD4DEB001799EB /* ItemDescriptionView.swift */; };
		76ED0C3F2A025EB300864FCD /* ItemShareButton.swift in Sources */ = {isa = PBXBuildFile; fileRef = 76ED0C3E2A025EB300864FCD /* ItemShareButton.swift */; };
/* End PBXBuildFile section */

/* Begin PBXContainerItemProxy section */
		76A57ADB29D75D3000F428AB /* PBXContainerItemProxy */ = {
			isa = PBXContainerItemProxy;
			containerPortal = 76EAFF7529AB3ACC001799EB /* Project object */;
			proxyType = 1;
			remoteGlobalIDString = 76EAFF7C29AB3ACC001799EB;
			remoteInfo = ZefirDress92;
		};
/* End PBXContainerItemProxy section */

/* Begin PBXFileReference section */
		761E10DC29E7E82700219F6B /* SearchView.swift */ = {isa = PBXFileReference; lastKnownFileType = sourcecode.swift; path = SearchView.swift; sourceTree = "<group>"; };
		76301F0E29FFA0B200A0E7DF /* UserDataViewModel.swift */ = {isa = PBXFileReference; lastKnownFileType = sourcecode.swift; path = UserDataViewModel.swift; sourceTree = "<group>"; };
		76301F102A00FECB00A0E7DF /* FavoriteButtonViewModel.swift */ = {isa = PBXFileReference; lastKnownFileType = sourcecode.swift; path = FavoriteButtonViewModel.swift; sourceTree = "<group>"; };
		76301F152A013C9F00A0E7DF /* AddToCartViewModel.swift */ = {isa = PBXFileReference; lastKnownFileType = sourcecode.swift; path = AddToCartViewModel.swift; sourceTree = "<group>"; };
		76301F172A0160EE00A0E7DF /* CartImageView.swift */ = {isa = PBXFileReference; lastKnownFileType = sourcecode.swift; path = CartImageView.swift; sourceTree = "<group>"; };
		76301F192A01630900A0E7DF /* OrderViewModel.swift */ = {isa = PBXFileReference; lastKnownFileType = sourcecode.swift; path = OrderViewModel.swift; sourceTree = "<group>"; };
		76301F1C2A01950D00A0E7DF /* EmptyPlaceholder.swift */ = {isa = PBXFileReference; lastKnownFileType = sourcecode.swift; path = EmptyPlaceholder.swift; sourceTree = "<group>"; };
		763ABA6A2A08F26700DD0C4E /* LaunchScreen.storyboard */ = {isa = PBXFileReference; lastKnownFileType = file.storyboard; path = LaunchScreen.storyboard; sourceTree = "<group>"; };
		763B1FA429BDF7C80027C3E3 /* FavoriteButtonView.swift */ = {isa = PBXFileReference; lastKnownFileType = sourcecode.swift; path = FavoriteButtonView.swift; sourceTree = "<group>"; };
		7642E02129D5DACC00A37D01 /* FavoriteAddToCartItem.swift */ = {isa = PBXFileReference; lastKnownFileType = sourcecode.swift; path = FavoriteAddToCartItem.swift; sourceTree = "<group>"; };
		7642E02329D5DAF500A37D01 /* FavoriteAddToFavoriteItem.swift */ = {isa = PBXFileReference; lastKnownFileType = sourcecode.swift; path = FavoriteAddToFavoriteItem.swift; sourceTree = "<group>"; };
		7642E02A29D6D11400A37D01 /* HTTPDataDownloader.swift */ = {isa = PBXFileReference; lastKnownFileType = sourcecode.swift; path = HTTPDataDownloader.swift; sourceTree = "<group>"; };
		7642E02C29D6D14600A37D01 /* ProductError.swift */ = {isa = PBXFileReference; lastKnownFileType = sourcecode.swift; path = ProductError.swift; sourceTree = "<group>"; };
		7642E02E29D6D24400A37D01 /* ProductJSON.swift */ = {isa = PBXFileReference; lastKnownFileType = sourcecode.swift; path = ProductJSON.swift; sourceTree = "<group>"; };
		7642E03029D6D3E400A37D01 /* ProductProvider.swift */ = {isa = PBXFileReference; lastKnownFileType = sourcecode.swift; path = ProductProvider.swift; sourceTree = "<group>"; };
		7644A7F929C04BBC00B1E788 /* FavoritesGridView.swift */ = {isa = PBXFileReference; lastKnownFileType = sourcecode.swift; path = FavoritesGridView.swift; sourceTree = "<group>"; };
		764B9C3429D5D6660077B1A4 /* FavoriteImageView.swift */ = {isa = PBXFileReference; lastKnownFileType = sourcecode.swift; path = FavoriteImageView.swift; sourceTree = "<group>"; };
		764B9C3629D5D7270077B1A4 /* FavoriteTitleTextView.swift */ = {isa = PBXFileReference; lastKnownFileType = sourcecode.swift; path = FavoriteTitleTextView.swift; sourceTree = "<group>"; };
		7654713E29E4546F00C7BEC0 /* SendOrderButton.swift */ = {isa = PBXFileReference; lastKnownFileType = sourcecode.swift; path = SendOrderButton.swift; sourceTree = "<group>"; };
		765F214529BCA2250052A95B /* ViewRouter.swift */ = {isa = PBXFileReference; lastKnownFileType = sourcecode.swift; path = ViewRouter.swift; sourceTree = "<group>"; };
		765F214729BCA2500052A95B /* Helpers.swift */ = {isa = PBXFileReference; lastKnownFileType = sourcecode.swift; path = Helpers.swift; sourceTree = "<group>"; };
		765F581329D466B500042727 /* Network.swift */ = {isa = PBXFileReference; lastKnownFileType = sourcecode.swift; path = Network.swift; sourceTree = "<group>"; };
		765F581529D4687400042727 /* Info.plist */ = {isa = PBXFileReference; lastKnownFileType = text.plist; path = Info.plist; sourceTree = "<group>"; };
		7660967029EEE14D00514C45 /* Montserrat-Regular.ttf */ = {isa = PBXFileReference; lastKnownFileType = file; path = "Montserrat-Regular.ttf"; sourceTree = "<group>"; };
		7660967129EEE14D00514C45 /* Montserrat-Medium.ttf */ = {isa = PBXFileReference; lastKnownFileType = file; path = "Montserrat-Medium.ttf"; sourceTree = "<group>"; };
		7660967229EEE14D00514C45 /* Montserrat-ExtraLight.ttf */ = {isa = PBXFileReference; lastKnownFileType = file; path = "Montserrat-ExtraLight.ttf"; sourceTree = "<group>"; };
		7660967329EEE14D00514C45 /* Montserrat-Italic.ttf */ = {isa = PBXFileReference; lastKnownFileType = file; path = "Montserrat-Italic.ttf"; sourceTree = "<group>"; };
		7660967429EEE14D00514C45 /* Montserrat-Thin.ttf */ = {isa = PBXFileReference; lastKnownFileType = file; path = "Montserrat-Thin.ttf"; sourceTree = "<group>"; };
		7660967529EEE14D00514C45 /* Montserrat-Bold.ttf */ = {isa = PBXFileReference; lastKnownFileType = file; path = "Montserrat-Bold.ttf"; sourceTree = "<group>"; };
		7660967629EEE14D00514C45 /* Montserrat-ThinItalic.ttf */ = {isa = PBXFileReference; lastKnownFileType = file; path = "Montserrat-ThinItalic.ttf"; sourceTree = "<group>"; };
		7660967729EEE14D00514C45 /* Montserrat-ExtraBold.ttf */ = {isa = PBXFileReference; lastKnownFileType = file; path = "Montserrat-ExtraBold.ttf"; sourceTree = "<group>"; };
		7660967829EEE14D00514C45 /* Montserrat-Light.ttf */ = {isa = PBXFileReference; lastKnownFileType = file; path = "Montserrat-Light.ttf"; sourceTree = "<group>"; };
		7660967929EEE14D00514C45 /* Montserrat-Black.ttf */ = {isa = PBXFileReference; lastKnownFileType = file; path = "Montserrat-Black.ttf"; sourceTree = "<group>"; };
		7660967A29EEE14E00514C45 /* Montserrat-MediumItalic.ttf */ = {isa = PBXFileReference; lastKnownFileType = file; path = "Montserrat-MediumItalic.ttf"; sourceTree = "<group>"; };
		7660968629EFBBD800514C45 /* HelloTextView.swift */ = {isa = PBXFileReference; lastKnownFileType = sourcecode.swift; path = HelloTextView.swift; sourceTree = "<group>"; };
		7660968829EFC41400514C45 /* ItemView.swift */ = {isa = PBXFileReference; lastKnownFileType = sourcecode.swift; path = ItemView.swift; sourceTree = "<group>"; };
		7660968A29EFC62A00514C45 /* ItemGridView.swift */ = {isa = PBXFileReference; lastKnownFileType = sourcecode.swift; path = ItemGridView.swift; sourceTree = "<group>"; };
		7660968E29EFC76A00514C45 /* HomeScreenView.swift */ = {isa = PBXFileReference; lastKnownFileType = sourcecode.swift; path = HomeScreenView.swift; sourceTree = "<group>"; };
		7660969029EFCC4C00514C45 /* TitleBestItems.swift */ = {isa = PBXFileReference; lastKnownFileType = sourcecode.swift; path = TitleBestItems.swift; sourceTree = "<group>"; };
		766F0ED929E5AB74006D74DF /* HeaderViewHomeScreen.swift */ = {isa = PBXFileReference; lastKnownFileType = sourcecode.swift; path = HeaderViewHomeScreen.swift; sourceTree = "<group>"; };
		766F0EDE29E5E17E006D74DF /* TabItemData.swift */ = {isa = PBXFileReference; lastKnownFileType = sourcecode.swift; path = TabItemData.swift; sourceTree = "<group>"; };
		766F0EE029E5E1EB006D74DF /* TabItemView.swift */ = {isa = PBXFileReference; lastKnownFileType = sourcecode.swift; path = TabItemView.swift; sourceTree = "<group>"; };
		766F0EE229E5E501006D74DF /* TabBottomView.swift */ = {isa = PBXFileReference; lastKnownFileType = sourcecode.swift; path = TabBottomView.swift; sourceTree = "<group>"; };
		766F0EE429E5E86D006D74DF /* CustomTabView.swift */ = {isa = PBXFileReference; lastKnownFileType = sourcecode.swift; path = CustomTabView.swift; sourceTree = "<group>"; };
		766F0EE629E5EB64006D74DF /* MainTabView.swift */ = {isa = PBXFileReference; lastKnownFileType = sourcecode.swift; path = MainTabView.swift; sourceTree = "<group>"; };
		7682EBBF29C0D03A0073142B /* Persistance.swift */ = {isa = PBXFileReference; lastKnownFileType = sourcecode.swift; path = Persistance.swift; sourceTree = "<group>"; };
		7682EBC229C0D0710073142B /* ProductData.xcdatamodel */ = {isa = PBXFileReference; explicitFileType = wrapper.xcdatamodel; path = ProductData.xcdatamodel; sourceTree = "<group>"; };
		7682EBC829C10D2B0073142B /* CartProductInfo.swift */ = {isa = PBXFileReference; lastKnownFileType = sourcecode.swift; path = CartProductInfo.swift; sourceTree = "<group>"; };
		7682EBCA29C10F6E0073142B /* PriceCartView.swift */ = {isa = PBXFileReference; lastKnownFileType = sourcecode.swift; path = PriceCartView.swift; sourceTree = "<group>"; };
		7682EBCC29C112840073142B /* AccountSheet.swift */ = {isa = PBXFileReference; lastKnownFileType = sourcecode.swift; path = AccountSheet.swift; sourceTree = "<group>"; };
		7682EBCE29C112CF0073142B /* ProfileVIew.swift */ = {isa = PBXFileReference; lastKnownFileType = sourcecode.swift; path = ProfileVIew.swift; sourceTree = "<group>"; };
		76964F6B2A08B6A000B9C959 /* ItemBackButton.swift */ = {isa = PBXFileReference; lastKnownFileType = sourcecode.swift; path = ItemBackButton.swift; sourceTree = "<group>"; };
		769DD15C2A02EE2E00921E04 /* ProfileLogoutButton.swift */ = {isa = PBXFileReference; lastKnownFileType = sourcecode.swift; path = ProfileLogoutButton.swift; sourceTree = "<group>"; };
		769DD15E2A04EAA100921E04 /* ContactsView.swift */ = {isa = PBXFileReference; lastKnownFileType = sourcecode.swift; path = ContactsView.swift; sourceTree = "<group>"; };
		769DD1602A04EAC900921E04 /* WorkConditionsView.swift */ = {isa = PBXFileReference; lastKnownFileType = sourcecode.swift; path = WorkConditionsView.swift; sourceTree = "<group>"; };
		76A57AD729D75D3000F428AB /* ZefirDress92Tests.xctest */ = {isa = PBXFileReference; explicitFileType = wrapper.cfbundle; includeInIndex = 0; path = ZefirDress92Tests.xctest; sourceTree = BUILT_PRODUCTS_DIR; };
		76A57AD929D75D3000F428AB /* ZefirDress92Tests.swift */ = {isa = PBXFileReference; lastKnownFileType = sourcecode.swift; path = ZefirDress92Tests.swift; sourceTree = "<group>"; };
		76A57AE029D75D6B00F428AB /* TestData.swift */ = {isa = PBXFileReference; lastKnownFileType = sourcecode.swift; path = TestData.swift; sourceTree = "<group>"; };
		76A57AE229D75E5600F428AB /* ProductTests.swift */ = {isa = PBXFileReference; lastKnownFileType = sourcecode.swift; path = ProductTests.swift; sourceTree = "<group>"; };
		76A57AE729D852DC00F428AB /* TestDownloader.swift */ = {isa = PBXFileReference; lastKnownFileType = sourcecode.swift; path = TestDownloader.swift; sourceTree = "<group>"; };
		76DEE5DF29EA917700B252D1 /* AboutUsView.swift */ = {isa = PBXFileReference; lastKnownFileType = sourcecode.swift; path = AboutUsView.swift; sourceTree = "<group>"; };
		76EAF42629B7B917001BEEBE /* ItemSizeCheckView.swift */ = {isa = PBXFileReference; lastKnownFileType = sourcecode.swift; path = ItemSizeCheckView.swift; sourceTree = "<group>"; };
		76EAF42829B8B821001BEEBE /* ItemPriceView.swift */ = {isa = PBXFileReference; lastKnownFileType = sourcecode.swift; path = ItemPriceView.swift; sourceTree = "<group>"; };
		76EAFF7D29AB3ACC001799EB /* ZefirDress92.app */ = {isa = PBXFileReference; explicitFileType = wrapper.application; includeInIndex = 0; path = ZefirDress92.app; sourceTree = BUILT_PRODUCTS_DIR; };
		76EAFF8029AB3ACC001799EB /* ZefirDress92App.swift */ = {isa = PBXFileReference; lastKnownFileType = sourcecode.swift; path = ZefirDress92App.swift; sourceTree = "<group>"; };
		76EAFF8229AB3ACC001799EB /* MainView.swift */ = {isa = PBXFileReference; lastKnownFileType = sourcecode.swift; path = MainView.swift; sourceTree = "<group>"; };
		76EAFF8429AB3ACE001799EB /* Assets.xcassets */ = {isa = PBXFileReference; lastKnownFileType = folder.assetcatalog; path = Assets.xcassets; sourceTree = "<group>"; };
		76EAFF8729AB3ACE001799EB /* Preview Assets.xcassets */ = {isa = PBXFileReference; lastKnownFileType = folder.assetcatalog; path = "Preview Assets.xcassets"; sourceTree = "<group>"; };
		76EAFF8F29AB7829001799EB /* Product.swift */ = {isa = PBXFileReference; lastKnownFileType = sourcecode.swift; path = Product.swift; sourceTree = "<group>"; };
		76EAFF9529AB7AC2001799EB /* Constant.swift */ = {isa = PBXFileReference; lastKnownFileType = sourcecode.swift; path = Constant.swift; sourceTree = "<group>"; };
		76EAFFA229AB860C001799EB /* ItemDetailView.swift */ = {isa = PBXFileReference; lastKnownFileType = sourcecode.swift; path = ItemDetailView.swift; sourceTree = "<group>"; };
		76EAFFAB29AC9765001799EB /* product.json */ = {isa = PBXFileReference; lastKnownFileType = text.json; path = product.json; sourceTree = "<group>"; };
		76EAFFAF29ACA369001799EB /* CartView.swift */ = {isa = PBXFileReference; lastKnownFileType = sourcecode.swift; path = CartView.swift; sourceTree = "<group>"; };
		76EAFFB129AD48C1001799EB /* AddToCartButton.swift */ = {isa = PBXFileReference; lastKnownFileType = sourcecode.swift; path = AddToCartButton.swift; sourceTree = "<group>"; };
		76EAFFB329AD4DEB001799EB /* ItemDescriptionView.swift */ = {isa = PBXFileReference; lastKnownFileType = sourcecode.swift; path = ItemDescriptionView.swift; sourceTree = "<group>"; };
		76ED0C3E2A025EB300864FCD /* ItemShareButton.swift */ = {isa = PBXFileReference; lastKnownFileType = sourcecode.swift; path = ItemShareButton.swift; sourceTree = "<group>"; };
/* End PBXFileReference section */

/* Begin PBXFrameworksBuildPhase section */
		76A57AD429D75D3000F428AB /* Frameworks */ = {
			isa = PBXFrameworksBuildPhase;
			buildActionMask = 2147483647;
			files = (
			);
			runOnlyForDeploymentPostprocessing = 0;
		};
		76EAFF7A29AB3ACC001799EB /* Frameworks */ = {
			isa = PBXFrameworksBuildPhase;
			buildActionMask = 2147483647;
			files = (
				763BF69C29F11651008BBA80 /* Kingfisher in Frameworks */,
				7660964D29EE709B00514C45 /* SwiftSMTP in Frameworks */,
			);
			runOnlyForDeploymentPostprocessing = 0;
		};
/* End PBXFrameworksBuildPhase section */

/* Begin PBXGroup section */
		761E10D929E7E78E00219F6B /* SearchView */ = {
			isa = PBXGroup;
			children = (
				761E10DC29E7E82700219F6B /* SearchView.swift */,
			);
			path = SearchView;
			sourceTree = "<group>";
		};
		76301F122A01087500A0E7DF /* Network */ = {
			isa = PBXGroup;
			children = (
				765F581329D466B500042727 /* Network.swift */,
				7642E02A29D6D11400A37D01 /* HTTPDataDownloader.swift */,
				7642E02C29D6D14600A37D01 /* ProductError.swift */,
				7642E02E29D6D24400A37D01 /* ProductJSON.swift */,
				7642E03029D6D3E400A37D01 /* ProductProvider.swift */,
			);
			path = Network;
			sourceTree = "<group>";
		};
		76301F132A01088F00A0E7DF /* ViewRouter */ = {
			isa = PBXGroup;
			children = (
				765F214529BCA2250052A95B /* ViewRouter.swift */,
			);
			path = ViewRouter;
			sourceTree = "<group>";
		};
		76301F142A01089D00A0E7DF /* UserData */ = {
			isa = PBXGroup;
			children = (
				76301F102A00FECB00A0E7DF /* FavoriteButtonViewModel.swift */,
				76301F152A013C9F00A0E7DF /* AddToCartViewModel.swift */,
				76301F0E29FFA0B200A0E7DF /* UserDataViewModel.swift */,
			);
			path = UserData;
			sourceTree = "<group>";
		};
		76301F1B2A01630F00A0E7DF /* Oreder */ = {
			isa = PBXGroup;
			children = (
				76301F192A01630900A0E7DF /* OrderViewModel.swift */,
			);
			path = Oreder;
			sourceTree = "<group>";
		};
		7642E03229D6DFFE00A37D01 /* Constant */ = {
			isa = PBXGroup;
			children = (
				76EAFF9529AB7AC2001799EB /* Constant.swift */,
			);
			path = Constant;
			sourceTree = "<group>";
		};
		7644A7F829C0319700B1E788 /* FavoritesView */ = {
			isa = PBXGroup;
			children = (
				764B9C3329D5D6190077B1A4 /* ItemFavorite */,
				7644A7F929C04BBC00B1E788 /* FavoritesGridView.swift */,
			);
			path = FavoritesView;
			sourceTree = "<group>";
		};
		764B9C3329D5D6190077B1A4 /* ItemFavorite */ = {
			isa = PBXGroup;
			children = (
				764B9C3429D5D6660077B1A4 /* FavoriteImageView.swift */,
				764B9C3629D5D7270077B1A4 /* FavoriteTitleTextView.swift */,
				7642E02129D5DACC00A37D01 /* FavoriteAddToCartItem.swift */,
				7642E02329D5DAF500A37D01 /* FavoriteAddToFavoriteItem.swift */,
			);
			path = ItemFavorite;
			sourceTree = "<group>";
		};
		7660964E29EEDEE400514C45 /* Font */ = {
			isa = PBXGroup;
			children = (
				7660967929EEE14D00514C45 /* Montserrat-Black.ttf */,
				7660967529EEE14D00514C45 /* Montserrat-Bold.ttf */,
				7660967729EEE14D00514C45 /* Montserrat-ExtraBold.ttf */,
				7660967229EEE14D00514C45 /* Montserrat-ExtraLight.ttf */,
				7660967329EEE14D00514C45 /* Montserrat-Italic.ttf */,
				7660967829EEE14D00514C45 /* Montserrat-Light.ttf */,
				7660967129EEE14D00514C45 /* Montserrat-Medium.ttf */,
				7660967A29EEE14E00514C45 /* Montserrat-MediumItalic.ttf */,
				7660967029EEE14D00514C45 /* Montserrat-Regular.ttf */,
				7660967429EEE14D00514C45 /* Montserrat-Thin.ttf */,
				7660967629EEE14D00514C45 /* Montserrat-ThinItalic.ttf */,
			);
			path = Font;
			sourceTree = "<group>";
		};
		766F0ED729E5AB47006D74DF /* HomeScreen */ = {
			isa = PBXGroup;
			children = (
				766F0ED929E5AB74006D74DF /* HeaderViewHomeScreen.swift */,
				7660968629EFBBD800514C45 /* HelloTextView.swift */,
				7660968829EFC41400514C45 /* ItemView.swift */,
				7660968A29EFC62A00514C45 /* ItemGridView.swift */,
				7660969029EFCC4C00514C45 /* TitleBestItems.swift */,
				7660968E29EFC76A00514C45 /* HomeScreenView.swift */,
			);
			path = HomeScreen;
			sourceTree = "<group>";
		};
		766F0EE829E5EE3A006D74DF /* TabView */ = {
			isa = PBXGroup;
			children = (
				766F0EE029E5E1EB006D74DF /* TabItemView.swift */,
				766F0EE229E5E501006D74DF /* TabBottomView.swift */,
				766F0EE429E5E86D006D74DF /* CustomTabView.swift */,
				766F0EE629E5EB64006D74DF /* MainTabView.swift */,
			);
			path = TabView;
			sourceTree = "<group>";
		};
		7678587829C1943600A0A709 /* Profile */ = {
			isa = PBXGroup;
			children = (
				7682EBCC29C112840073142B /* AccountSheet.swift */,
				7682EBCE29C112CF0073142B /* ProfileVIew.swift */,
				76DEE5DF29EA917700B252D1 /* AboutUsView.swift */,
				769DD15C2A02EE2E00921E04 /* ProfileLogoutButton.swift */,
				769DD15E2A04EAA100921E04 /* ContactsView.swift */,
				769DD1602A04EAC900921E04 /* WorkConditionsView.swift */,
			);
			path = Profile;
			sourceTree = "<group>";
		};
		7682EBBE29C0D0160073142B /* CoreDataOrder */ = {
			isa = PBXGroup;
			children = (
				7682EBBF29C0D03A0073142B /* Persistance.swift */,
				7682EBC129C0D0710073142B /* ProductData.xcdatamodeld */,
			);
			path = CoreDataOrder;
			sourceTree = "<group>";
		};
		76A57AD829D75D3000F428AB /* ZefirDress92Tests */ = {
			isa = PBXGroup;
			children = (
				76A57AD929D75D3000F428AB /* ZefirDress92Tests.swift */,
				76A57AE229D75E5600F428AB /* ProductTests.swift */,
			);
			path = ZefirDress92Tests;
			sourceTree = "<group>";
		};
		76EAFF7429AB3ACC001799EB = {
			isa = PBXGroup;
			children = (
				76EAFF7F29AB3ACC001799EB /* ZefirDress92 */,
				76A57AD829D75D3000F428AB /* ZefirDress92Tests */,
				76EAFF7E29AB3ACC001799EB /* Products */,
			);
			sourceTree = "<group>";
		};
		76EAFF7E29AB3ACC001799EB /* Products */ = {
			isa = PBXGroup;
			children = (
				76EAFF7D29AB3ACC001799EB /* ZefirDress92.app */,
				76A57AD729D75D3000F428AB /* ZefirDress92Tests.xctest */,
			);
			name = Products;
			sourceTree = "<group>";
		};
		76EAFF7F29AB3ACC001799EB /* ZefirDress92 */ = {
			isa = PBXGroup;
			children = (
				76EAFF8E29AB3AF7001799EB /* Model */,
				76EAFF9B29AB7DE8001799EB /* View */,
				76EAFF9429AB7AAD001799EB /* ViewModel */,
				76EAFF8029AB3ACC001799EB /* ZefirDress92App.swift */,
				76EAFF8229AB3ACC001799EB /* MainView.swift */,
				76EAFFAB29AC9765001799EB /* product.json */,
				765F581529D4687400042727 /* Info.plist */,
				76EAFF8429AB3ACE001799EB /* Assets.xcassets */,
				7642E03229D6DFFE00A37D01 /* Constant */,
				7682EBBE29C0D0160073142B /* CoreDataOrder */,
				7660964E29EEDEE400514C45 /* Font */,
				76EAFF8629AB3ACE001799EB /* Preview Content */,
			);
			path = ZefirDress92;
			sourceTree = "<group>";
		};
		76EAFF8629AB3ACE001799EB /* Preview Content */ = {
			isa = PBXGroup;
			children = (
				76A57AE729D852DC00F428AB /* TestDownloader.swift */,
				76A57AE029D75D6B00F428AB /* TestData.swift */,
				76EAFF8729AB3ACE001799EB /* Preview Assets.xcassets */,
			);
			path = "Preview Content";
			sourceTree = "<group>";
		};
		76EAFF8E29AB3AF7001799EB /* Model */ = {
			isa = PBXGroup;
			children = (
				76EAFF8F29AB7829001799EB /* Product.swift */,
				765F214729BCA2500052A95B /* Helpers.swift */,
				766F0EDE29E5E17E006D74DF /* TabItemData.swift */,
			);
			path = Model;
			sourceTree = "<group>";
		};
		76EAFF9429AB7AAD001799EB /* ViewModel */ = {
			isa = PBXGroup;
			children = (
				76301F1B2A01630F00A0E7DF /* Oreder */,
				76301F142A01089D00A0E7DF /* UserData */,
				76301F132A01088F00A0E7DF /* ViewRouter */,
				76301F122A01087500A0E7DF /* Network */,
			);
			path = ViewModel;
			sourceTree = "<group>";
		};
		76EAFF9B29AB7DE8001799EB /* View */ = {
			isa = PBXGroup;
			children = (
				761E10D929E7E78E00219F6B /* SearchView */,
				766F0EE829E5EE3A006D74DF /* TabView */,
				766F0ED729E5AB47006D74DF /* HomeScreen */,
				76EAFFA129AB85EF001799EB /* Items */,
				76EAFF9C29AB7DF0001799EB /* CartView */,
				7678587829C1943600A0A709 /* Profile */,
				7644A7F829C0319700B1E788 /* FavoritesView */,
				76301F1C2A01950D00A0E7DF /* EmptyPlaceholder.swift */,
				763ABA6A2A08F26700DD0C4E /* LaunchScreen.storyboard */,
			);
			path = View;
			sourceTree = "<group>";
		};
		76EAFF9C29AB7DF0001799EB /* CartView */ = {
			isa = PBXGroup;
			children = (
				76EAFFAF29ACA369001799EB /* CartView.swift */,
				7682EBC829C10D2B0073142B /* CartProductInfo.swift */,
				7682EBCA29C10F6E0073142B /* PriceCartView.swift */,
				7654713E29E4546F00C7BEC0 /* SendOrderButton.swift */,
				76301F172A0160EE00A0E7DF /* CartImageView.swift */,
			);
			path = CartView;
			sourceTree = "<group>";
		};
		76EAFFA129AB85EF001799EB /* Items */ = {
			isa = PBXGroup;
			children = (
				76EAFFB329AD4DEB001799EB /* ItemDescriptionView.swift */,
				76EAF42629B7B917001BEEBE /* ItemSizeCheckView.swift */,
				76EAF42829B8B821001BEEBE /* ItemPriceView.swift */,
				763B1FA429BDF7C80027C3E3 /* FavoriteButtonView.swift */,
				76EAFFB129AD48C1001799EB /* AddToCartButton.swift */,
				76ED0C3E2A025EB300864FCD /* ItemShareButton.swift */,
				76EAFFA229AB860C001799EB /* ItemDetailView.swift */,
				76964F6B2A08B6A000B9C959 /* ItemBackButton.swift */,
			);
			path = Items;
			sourceTree = "<group>";
		};
/* End PBXGroup section */

/* Begin PBXNativeTarget section */
		76A57AD629D75D3000F428AB /* ZefirDress92Tests */ = {
			isa = PBXNativeTarget;
			buildConfigurationList = 76A57ADF29D75D3000F428AB /* Build configuration list for PBXNativeTarget "ZefirDress92Tests" */;
			buildPhases = (
				76A57AD329D75D3000F428AB /* Sources */,
				76A57AD429D75D3000F428AB /* Frameworks */,
				76A57AD529D75D3000F428AB /* Resources */,
			);
			buildRules = (
			);
			dependencies = (
				76A57ADC29D75D3000F428AB /* PBXTargetDependency */,
			);
			name = ZefirDress92Tests;
			productName = ZefirDress92Tests;
			productReference = 76A57AD729D75D3000F428AB /* ZefirDress92Tests.xctest */;
			productType = "com.apple.product-type.bundle.unit-test";
		};
		76EAFF7C29AB3ACC001799EB /* ZefirDress92 */ = {
			isa = PBXNativeTarget;
			buildConfigurationList = 76EAFF8B29AB3ACE001799EB /* Build configuration list for PBXNativeTarget "ZefirDress92" */;
			buildPhases = (
				76EAFF7929AB3ACC001799EB /* Sources */,
				76EAFF7A29AB3ACC001799EB /* Frameworks */,
				76EAFF7B29AB3ACC001799EB /* Resources */,
			);
			buildRules = (
			);
			dependencies = (
			);
			name = ZefirDress92;
			packageProductDependencies = (
				7660964C29EE709B00514C45 /* SwiftSMTP */,
				763BF69B29F11651008BBA80 /* Kingfisher */,
			);
			productName = ZefirDress92;
			productReference = 76EAFF7D29AB3ACC001799EB /* ZefirDress92.app */;
			productType = "com.apple.product-type.application";
		};
/* End PBXNativeTarget section */

/* Begin PBXProject section */
		76EAFF7529AB3ACC001799EB /* Project object */ = {
			isa = PBXProject;
			attributes = {
				BuildIndependentTargetsInParallel = 1;
				LastSwiftUpdateCheck = 1420;
				LastUpgradeCheck = 1420;
				TargetAttributes = {
					76A57AD629D75D3000F428AB = {
						CreatedOnToolsVersion = 14.2;
						TestTargetID = 76EAFF7C29AB3ACC001799EB;
					};
					76EAFF7C29AB3ACC001799EB = {
						CreatedOnToolsVersion = 14.2;
					};
				};
			};
			buildConfigurationList = 76EAFF7829AB3ACC001799EB /* Build configuration list for PBXProject "ZefirDress92" */;
			compatibilityVersion = "Xcode 14.0";
			developmentRegion = en;
			hasScannedForEncodings = 0;
			knownRegions = (
				en,
				Base,
			);
			mainGroup = 76EAFF7429AB3ACC001799EB;
			packageReferences = (
				7660964B29EE709B00514C45 /* XCRemoteSwiftPackageReference "Swift-SMTP" */,
				763BF69A29F11651008BBA80 /* XCRemoteSwiftPackageReference "Kingfisher" */,
			);
			productRefGroup = 76EAFF7E29AB3ACC001799EB /* Products */;
			projectDirPath = "";
			projectRoot = "";
			targets = (
				76EAFF7C29AB3ACC001799EB /* ZefirDress92 */,
				76A57AD629D75D3000F428AB /* ZefirDress92Tests */,
			);
		};
/* End PBXProject section */

/* Begin PBXResourcesBuildPhase section */
		76A57AD529D75D3000F428AB /* Resources */ = {
			isa = PBXResourcesBuildPhase;
			buildActionMask = 2147483647;
			files = (
			);
			runOnlyForDeploymentPostprocessing = 0;
		};
		76EAFF7B29AB3ACC001799EB /* Resources */ = {
			isa = PBXResourcesBuildPhase;
			buildActionMask = 2147483647;
			files = (
				7660967C29EEE24600514C45 /* Montserrat-ExtraBold.ttf in Resources */,
				7660968329EEE24600514C45 /* Montserrat-ExtraLight.ttf in Resources */,
				7660968529EEE24600514C45 /* Montserrat-MediumItalic.ttf in Resources */,
				763ABA6B2A08F26700DD0C4E /* LaunchScreen.storyboard in Resources */,
				7660968229EEE24600514C45 /* Montserrat-Regular.ttf in Resources */,
				7660968029EEE24600514C45 /* Montserrat-Thin.ttf in Resources */,
				76EAFF8829AB3ACE001799EB /* Preview Assets.xcassets in Resources */,
				7660967D29EEE24600514C45 /* Montserrat-Bold.ttf in Resources */,
				7660967B29EEE24200514C45 /* Montserrat-Black.ttf in Resources */,
				7660967F29EEE24600514C45 /* Montserrat-Light.ttf in Resources */,
				7660968129EEE24600514C45 /* Montserrat-Medium.ttf in Resources */,
				76EAFF8529AB3ACE001799EB /* Assets.xcassets in Resources */,
				7660968429EEE24600514C45 /* Montserrat-ThinItalic.ttf in Resources */,
				76EAFFAC29AC9765001799EB /* product.json in Resources */,
				7660967E29EEE24600514C45 /* Montserrat-Italic.ttf in Resources */,
			);
			runOnlyForDeploymentPostprocessing = 0;
		};
/* End PBXResourcesBuildPhase section */

/* Begin PBXSourcesBuildPhase section */
		76A57AD329D75D3000F428AB /* Sources */ = {
			isa = PBXSourcesBuildPhase;
			buildActionMask = 2147483647;
			files = (
				76A57ADA29D75D3000F428AB /* ZefirDress92Tests.swift in Sources */,
				76A57AE329D75E5600F428AB /* ProductTests.swift in Sources */,
			);
			runOnlyForDeploymentPostprocessing = 0;
		};
		76EAFF7929AB3ACC001799EB /* Sources */ = {
			isa = PBXSourcesBuildPhase;
			buildActionMask = 2147483647;
			files = (
				7660968729EFBBD800514C45 /* HelloTextView.swift in Sources */,
				769DD15D2A02EE2E00921E04 /* ProfileLogoutButton.swift in Sources */,
				7682EBCF29C112CF0073142B /* ProfileVIew.swift in Sources */,
				76ED0C3F2A025EB300864FCD /* ItemShareButton.swift in Sources */,
				769DD15F2A04EAA100921E04 /* ContactsView.swift in Sources */,
				76EAFFB429AD4DEB001799EB /* ItemDescriptionView.swift in Sources */,
				76EAFFA329AB860C001799EB /* ItemDetailView.swift in Sources */,
				765F581429D466B500042727 /* Network.swift in Sources */,
				764B9C3729D5D7270077B1A4 /* FavoriteTitleTextView.swift in Sources */,
				769DD1612A04EAC900921E04 /* WorkConditionsView.swift in Sources */,
				7654713F29E4546F00C7BEC0 /* SendOrderButton.swift in Sources */,
				76EAFF8329AB3ACC001799EB /* MainView.swift in Sources */,
				766F0EE329E5E501006D74DF /* TabBottomView.swift in Sources */,
				76EAFFB229AD48C1001799EB /* AddToCartButton.swift in Sources */,
				76EAFFB029ACA369001799EB /* CartView.swift in Sources */,
				763B1FA529BDF7C80027C3E3 /* FavoriteButtonView.swift in Sources */,
				76301F0F29FFA0B200A0E7DF /* UserDataViewModel.swift in Sources */,
				76301F162A013C9F00A0E7DF /* AddToCartViewModel.swift in Sources */,
				76A57AE429D8527200F428AB /* TestData.swift in Sources */,
				76964F6C2A08B6A000B9C959 /* ItemBackButton.swift in Sources */,
				76EAFF9629AB7AC2001799EB /* Constant.swift in Sources */,
				764B9C3529D5D6660077B1A4 /* FavoriteImageView.swift in Sources */,
				76301F182A0160EE00A0E7DF /* CartImageView.swift in Sources */,
				76DEE5E029EA917700B252D1 /* AboutUsView.swift in Sources */,
				7642E02B29D6D11400A37D01 /* HTTPDataDownloader.swift in Sources */,
				7642E02429D5DAF500A37D01 /* FavoriteAddToFavoriteItem.swift in Sources */,
				7660968F29EFC76A00514C45 /* HomeScreenView.swift in Sources */,
				766F0EDF29E5E17E006D74DF /* TabItemData.swift in Sources */,
				76EAFF8129AB3ACC001799EB /* ZefirDress92App.swift in Sources */,
				7644A7FA29C04BBC00B1E788 /* FavoritesGridView.swift in Sources */,
				7660968B29EFC62A00514C45 /* ItemGridView.swift in Sources */,
				7642E02229D5DACC00A37D01 /* FavoriteAddToCartItem.swift in Sources */,
				76301F1D2A01950D00A0E7DF /* EmptyPlaceholder.swift in Sources */,
				7682EBC329C0D0710073142B /* ProductData.xcdatamodeld in Sources */,
				76A57AE829D852DC00F428AB /* TestDownloader.swift in Sources */,
				766F0EE129E5E1EB006D74DF /* TabItemView.swift in Sources */,
				761E10DD29E7E82700219F6B /* SearchView.swift in Sources */,
				766F0EE729E5EB64006D74DF /* MainTabView.swift in Sources */,
				76EAF42729B7B917001BEEBE /* ItemSizeCheckView.swift in Sources */,
				76EAFF9029AB7829001799EB /* Product.swift in Sources */,
				76EAF42929B8B821001BEEBE /* ItemPriceView.swift in Sources */,
				765F214829BCA2500052A95B /* Helpers.swift in Sources */,
				7682EBC029C0D03A0073142B /* Persistance.swift in Sources */,
				766F0EE529E5E86D006D74DF /* CustomTabView.swift in Sources */,
				7660969129EFCC4C00514C45 /* TitleBestItems.swift in Sources */,
				7660968929EFC41400514C45 /* ItemView.swift in Sources */,
				7642E03129D6D3E400A37D01 /* ProductProvider.swift in Sources */,
				766F0EDA29E5AB74006D74DF /* HeaderViewHomeScreen.swift in Sources */,
				7642E02D29D6D14600A37D01 /* ProductError.swift in Sources */,
				76301F1A2A01630900A0E7DF /* OrderViewModel.swift in Sources */,
				7642E02F29D6D24400A37D01 /* ProductJSON.swift in Sources */,
				765F214629BCA2250052A95B /* ViewRouter.swift in Sources */,
				7682EBCB29C10F6E0073142B /* PriceCartView.swift in Sources */,
				7682EBC929C10D2B0073142B /* CartProductInfo.swift in Sources */,
				76301F112A00FECB00A0E7DF /* FavoriteButtonViewModel.swift in Sources */,
				7682EBCD29C112840073142B /* AccountSheet.swift in Sources */,
			);
			runOnlyForDeploymentPostprocessing = 0;
		};
/* End PBXSourcesBuildPhase section */

/* Begin PBXTargetDependency section */
		76A57ADC29D75D3000F428AB /* PBXTargetDependency */ = {
			isa = PBXTargetDependency;
			target = 76EAFF7C29AB3ACC001799EB /* ZefirDress92 */;
			targetProxy = 76A57ADB29D75D3000F428AB /* PBXContainerItemProxy */;
		};
/* End PBXTargetDependency section */

/* Begin XCBuildConfiguration section */
		76A57ADD29D75D3000F428AB /* Debug */ = {
			isa = XCBuildConfiguration;
			buildSettings = {
				BUNDLE_LOADER = "$(TEST_HOST)";
				CODE_SIGN_STYLE = Automatic;
				CURRENT_PROJECT_VERSION = 1;
				DEVELOPMENT_TEAM = 9S5AJR5C22;
				GENERATE_INFOPLIST_FILE = YES;
				IPHONEOS_DEPLOYMENT_TARGET = 16.2;
				MARKETING_VERSION = 1.0;
				PRODUCT_BUNDLE_IDENTIFIER = rzamolotov.ZefirDress92Tests;
				PRODUCT_NAME = "$(TARGET_NAME)";
				SWIFT_EMIT_LOC_STRINGS = NO;
				SWIFT_VERSION = 5.0;
				TARGETED_DEVICE_FAMILY = "1,2";
				TEST_HOST = "$(BUILT_PRODUCTS_DIR)/ZefirDress92.app/$(BUNDLE_EXECUTABLE_FOLDER_PATH)/ZefirDress92";
			};
			name = Debug;
		};
		76A57ADE29D75D3000F428AB /* Release */ = {
			isa = XCBuildConfiguration;
			buildSettings = {
				BUNDLE_LOADER = "$(TEST_HOST)";
				CODE_SIGN_STYLE = Automatic;
				CURRENT_PROJECT_VERSION = 1;
				DEVELOPMENT_TEAM = 9S5AJR5C22;
				GENERATE_INFOPLIST_FILE = YES;
				IPHONEOS_DEPLOYMENT_TARGET = 16.2;
				MARKETING_VERSION = 1.0;
				PRODUCT_BUNDLE_IDENTIFIER = rzamolotov.ZefirDress92Tests;
				PRODUCT_NAME = "$(TARGET_NAME)";
				SWIFT_EMIT_LOC_STRINGS = NO;
				SWIFT_VERSION = 5.0;
				TARGETED_DEVICE_FAMILY = "1,2";
				TEST_HOST = "$(BUILT_PRODUCTS_DIR)/ZefirDress92.app/$(BUNDLE_EXECUTABLE_FOLDER_PATH)/ZefirDress92";
			};
			name = Release;
		};
		76EAFF8929AB3ACE001799EB /* Debug */ = {
			isa = XCBuildConfiguration;
			buildSettings = {
				ALWAYS_SEARCH_USER_PATHS = NO;
				CLANG_ANALYZER_NONNULL = YES;
				CLANG_ANALYZER_NUMBER_OBJECT_CONVERSION = YES_AGGRESSIVE;
				CLANG_CXX_LANGUAGE_STANDARD = "gnu++20";
				CLANG_ENABLE_MODULES = YES;
				CLANG_ENABLE_OBJC_ARC = YES;
				CLANG_ENABLE_OBJC_WEAK = YES;
				CLANG_WARN_BLOCK_CAPTURE_AUTORELEASING = YES;
				CLANG_WARN_BOOL_CONVERSION = YES;
				CLANG_WARN_COMMA = YES;
				CLANG_WARN_CONSTANT_CONVERSION = YES;
				CLANG_WARN_DEPRECATED_OBJC_IMPLEMENTATIONS = YES;
				CLANG_WARN_DIRECT_OBJC_ISA_USAGE = YES_ERROR;
				CLANG_WARN_DOCUMENTATION_COMMENTS = YES;
				CLANG_WARN_EMPTY_BODY = YES;
				CLANG_WARN_ENUM_CONVERSION = YES;
				CLANG_WARN_INFINITE_RECURSION = YES;
				CLANG_WARN_INT_CONVERSION = YES;
				CLANG_WARN_NON_LITERAL_NULL_CONVERSION = YES;
				CLANG_WARN_OBJC_IMPLICIT_RETAIN_SELF = YES;
				CLANG_WARN_OBJC_LITERAL_CONVERSION = YES;
				CLANG_WARN_OBJC_ROOT_CLASS = YES_ERROR;
				CLANG_WARN_QUOTED_INCLUDE_IN_FRAMEWORK_HEADER = YES;
				CLANG_WARN_RANGE_LOOP_ANALYSIS = YES;
				CLANG_WARN_STRICT_PROTOTYPES = YES;
				CLANG_WARN_SUSPICIOUS_MOVE = YES;
				CLANG_WARN_UNGUARDED_AVAILABILITY = YES_AGGRESSIVE;
				CLANG_WARN_UNREACHABLE_CODE = YES;
				CLANG_WARN__DUPLICATE_METHOD_MATCH = YES;
				COPY_PHASE_STRIP = NO;
				DEBUG_INFORMATION_FORMAT = dwarf;
				ENABLE_STRICT_OBJC_MSGSEND = YES;
				ENABLE_TESTABILITY = YES;
				GCC_C_LANGUAGE_STANDARD = gnu11;
				GCC_DYNAMIC_NO_PIC = NO;
				GCC_NO_COMMON_BLOCKS = YES;
				GCC_OPTIMIZATION_LEVEL = 0;
				GCC_PREPROCESSOR_DEFINITIONS = (
					"DEBUG=1",
					"$(inherited)",
				);
				GCC_WARN_64_TO_32_BIT_CONVERSION = YES;
				GCC_WARN_ABOUT_RETURN_TYPE = YES_ERROR;
				GCC_WARN_UNDECLARED_SELECTOR = YES;
				GCC_WARN_UNINITIALIZED_AUTOS = YES_AGGRESSIVE;
				GCC_WARN_UNUSED_FUNCTION = YES;
				GCC_WARN_UNUSED_VARIABLE = YES;
				IPHONEOS_DEPLOYMENT_TARGET = 13.0;
				MTL_ENABLE_DEBUG_INFO = INCLUDE_SOURCE;
				MTL_FAST_MATH = YES;
				ONLY_ACTIVE_ARCH = YES;
				SDKROOT = iphoneos;
				SWIFT_ACTIVE_COMPILATION_CONDITIONS = DEBUG;
				SWIFT_OPTIMIZATION_LEVEL = "-Onone";
			};
			name = Debug;
		};
		76EAFF8A29AB3ACE001799EB /* Release */ = {
			isa = XCBuildConfiguration;
			buildSettings = {
				ALWAYS_SEARCH_USER_PATHS = NO;
				CLANG_ANALYZER_NONNULL = YES;
				CLANG_ANALYZER_NUMBER_OBJECT_CONVERSION = YES_AGGRESSIVE;
				CLANG_CXX_LANGUAGE_STANDARD = "gnu++20";
				CLANG_ENABLE_MODULES = YES;
				CLANG_ENABLE_OBJC_ARC = YES;
				CLANG_ENABLE_OBJC_WEAK = YES;
				CLANG_WARN_BLOCK_CAPTURE_AUTORELEASING = YES;
				CLANG_WARN_BOOL_CONVERSION = YES;
				CLANG_WARN_COMMA = YES;
				CLANG_WARN_CONSTANT_CONVERSION = YES;
				CLANG_WARN_DEPRECATED_OBJC_IMPLEMENTATIONS = YES;
				CLANG_WARN_DIRECT_OBJC_ISA_USAGE = YES_ERROR;
				CLANG_WARN_DOCUMENTATION_COMMENTS = YES;
				CLANG_WARN_EMPTY_BODY = YES;
				CLANG_WARN_ENUM_CONVERSION = YES;
				CLANG_WARN_INFINITE_RECURSION = YES;
				CLANG_WARN_INT_CONVERSION = YES;
				CLANG_WARN_NON_LITERAL_NULL_CONVERSION = YES;
				CLANG_WARN_OBJC_IMPLICIT_RETAIN_SELF = YES;
				CLANG_WARN_OBJC_LITERAL_CONVERSION = YES;
				CLANG_WARN_OBJC_ROOT_CLASS = YES_ERROR;
				CLANG_WARN_QUOTED_INCLUDE_IN_FRAMEWORK_HEADER = YES;
				CLANG_WARN_RANGE_LOOP_ANALYSIS = YES;
				CLANG_WARN_STRICT_PROTOTYPES = YES;
				CLANG_WARN_SUSPICIOUS_MOVE = YES;
				CLANG_WARN_UNGUARDED_AVAILABILITY = YES_AGGRESSIVE;
				CLANG_WARN_UNREACHABLE_CODE = YES;
				CLANG_WARN__DUPLICATE_METHOD_MATCH = YES;
				COPY_PHASE_STRIP = NO;
				DEBUG_INFORMATION_FORMAT = "dwarf-with-dsym";
				ENABLE_NS_ASSERTIONS = NO;
				ENABLE_STRICT_OBJC_MSGSEND = YES;
				GCC_C_LANGUAGE_STANDARD = gnu11;
				GCC_NO_COMMON_BLOCKS = YES;
				GCC_WARN_64_TO_32_BIT_CONVERSION = YES;
				GCC_WARN_ABOUT_RETURN_TYPE = YES_ERROR;
				GCC_WARN_UNDECLARED_SELECTOR = YES;
				GCC_WARN_UNINITIALIZED_AUTOS = YES_AGGRESSIVE;
				GCC_WARN_UNUSED_FUNCTION = YES;
				GCC_WARN_UNUSED_VARIABLE = YES;
				IPHONEOS_DEPLOYMENT_TARGET = 13.0;
				MTL_ENABLE_DEBUG_INFO = NO;
				MTL_FAST_MATH = YES;
				SDKROOT = iphoneos;
				SWIFT_COMPILATION_MODE = wholemodule;
				SWIFT_OPTIMIZATION_LEVEL = "-O";
				VALIDATE_PRODUCT = YES;
			};
			name = Release;
		};
		76EAFF8C29AB3ACE001799EB /* Debug */ = {
			isa = XCBuildConfiguration;
			buildSettings = {
				ASSETCATALOG_COMPILER_APPICON_NAME = AppIcon;
				ASSETCATALOG_COMPILER_GLOBAL_ACCENT_COLOR_NAME = AccentColor;
				CODE_SIGN_STYLE = Automatic;
				CURRENT_PROJECT_VERSION = 1;
				DEVELOPMENT_ASSET_PATHS = "\"ZefirDress92/Preview Content\"";
				DEVELOPMENT_TEAM = 9S5AJR5C22;
				ENABLE_PREVIEWS = YES;
				GENERATE_INFOPLIST_FILE = YES;
				INFOPLIST_FILE = ZefirDress92/Info.plist;
				INFOPLIST_KEY_UIApplicationSceneManifest_Generation = YES;
				INFOPLIST_KEY_UIApplicationSupportsIndirectInputEvents = YES;
				INFOPLIST_KEY_UILaunchStoryboardName = LaunchScreen.storyboard;
				INFOPLIST_KEY_UISupportedInterfaceOrientations = UIInterfaceOrientationPortrait;
				INFOPLIST_KEY_UISupportedInterfaceOrientations_iPad = "UIInterfaceOrientationPortrait UIInterfaceOrientationPortraitUpsideDown";
				IPHONEOS_DEPLOYMENT_TARGET = 15.0;
				LD_RUNPATH_SEARCH_PATHS = (
					"$(inherited)",
					"@executable_path/Frameworks",
				);
				MARKETING_VERSION = 1.0;
				PRODUCT_BUNDLE_IDENTIFIER = rzamolotov.ZefirDress92;
				PRODUCT_NAME = "$(TARGET_NAME)";
				SUPPORTED_PLATFORMS = "iphoneos iphonesimulator";
				SUPPORTS_MACCATALYST = NO;
				SUPPORTS_MAC_DESIGNED_FOR_IPHONE_IPAD = NO;
				SWIFT_EMIT_LOC_STRINGS = YES;
				SWIFT_VERSION = 5.0;
				TARGETED_DEVICE_FAMILY = 1;
			};
			name = Debug;
		};
		76EAFF8D29AB3ACE001799EB /* Release */ = {
			isa = XCBuildConfiguration;
			buildSettings = {
				ASSETCATALOG_COMPILER_APPICON_NAME = AppIcon;
				ASSETCATALOG_COMPILER_GLOBAL_ACCENT_COLOR_NAME = AccentColor;
				CODE_SIGN_STYLE = Automatic;
				CURRENT_PROJECT_VERSION = 1;
				DEVELOPMENT_ASSET_PATHS = "\"ZefirDress92/Preview Content\"";
				DEVELOPMENT_TEAM = 9S5AJR5C22;
				ENABLE_PREVIEWS = YES;
				GENERATE_INFOPLIST_FILE = YES;
				INFOPLIST_FILE = ZefirDress92/Info.plist;
				INFOPLIST_KEY_UIApplicationSceneManifest_Generation = YES;
				INFOPLIST_KEY_UIApplicationSupportsIndirectInputEvents = YES;
				INFOPLIST_KEY_UILaunchStoryboardName = LaunchScreen.storyboard;
				INFOPLIST_KEY_UISupportedInterfaceOrientations = UIInterfaceOrientationPortrait;
				INFOPLIST_KEY_UISupportedInterfaceOrientations_iPad = "UIInterfaceOrientationPortrait UIInterfaceOrientationPortraitUpsideDown";
				IPHONEOS_DEPLOYMENT_TARGET = 15.0;
				LD_RUNPATH_SEARCH_PATHS = (
					"$(inherited)",
					"@executable_path/Frameworks",
				);
				MARKETING_VERSION = 1.0;
				PRODUCT_BUNDLE_IDENTIFIER = rzamolotov.ZefirDress92;
				PRODUCT_NAME = "$(TARGET_NAME)";
				SUPPORTED_PLATFORMS = "iphoneos iphonesimulator";
				SUPPORTS_MACCATALYST = NO;
				SUPPORTS_MAC_DESIGNED_FOR_IPHONE_IPAD = NO;
				SWIFT_EMIT_LOC_STRINGS = YES;
				SWIFT_VERSION = 5.0;
				TARGETED_DEVICE_FAMILY = 1;
			};
			name = Release;
		};
/* End XCBuildConfiguration section */

/* Begin XCConfigurationList section */
		76A57ADF29D75D3000F428AB /* Build configuration list for PBXNativeTarget "ZefirDress92Tests" */ = {
			isa = XCConfigurationList;
			buildConfigurations = (
				76A57ADD29D75D3000F428AB /* Debug */,
				76A57ADE29D75D3000F428AB /* Release */,
			);
			defaultConfigurationIsVisible = 0;
			defaultConfigurationName = Release;
		};
		76EAFF7829AB3ACC001799EB /* Build configuration list for PBXProject "ZefirDress92" */ = {
			isa = XCConfigurationList;
			buildConfigurations = (
				76EAFF8929AB3ACE001799EB /* Debug */,
				76EAFF8A29AB3ACE001799EB /* Release */,
			);
			defaultConfigurationIsVisible = 0;
			defaultConfigurationName = Release;
		};
		76EAFF8B29AB3ACE001799EB /* Build configuration list for PBXNativeTarget "ZefirDress92" */ = {
			isa = XCConfigurationList;
			buildConfigurations = (
				76EAFF8C29AB3ACE001799EB /* Debug */,
				76EAFF8D29AB3ACE001799EB /* Release */,
			);
			defaultConfigurationIsVisible = 0;
			defaultConfigurationName = Release;
		};
/* End XCConfigurationList section */

/* Begin XCRemoteSwiftPackageReference section */
		763BF69A29F11651008BBA80 /* XCRemoteSwiftPackageReference "Kingfisher" */ = {
			isa = XCRemoteSwiftPackageReference;
			repositoryURL = "https://github.com/onevcat/Kingfisher";
			requirement = {
				kind = upToNextMajorVersion;
				minimumVersion = 7.0.0;
			};
		};
		7660964B29EE709B00514C45 /* XCRemoteSwiftPackageReference "Swift-SMTP" */ = {
			isa = XCRemoteSwiftPackageReference;
			repositoryURL = "https://github.com/Kitura/Swift-SMTP";
			requirement = {
				kind = upToNextMajorVersion;
				minimumVersion = 6.0.0;
			};
		};
/* End XCRemoteSwiftPackageReference section */

/* Begin XCSwiftPackageProductDependency section */
		763BF69B29F11651008BBA80 /* Kingfisher */ = {
			isa = XCSwiftPackageProductDependency;
			package = 763BF69A29F11651008BBA80 /* XCRemoteSwiftPackageReference "Kingfisher" */;
			productName = Kingfisher;
		};
		7660964C29EE709B00514C45 /* SwiftSMTP */ = {
			isa = XCSwiftPackageProductDependency;
			package = 7660964B29EE709B00514C45 /* XCRemoteSwiftPackageReference "Swift-SMTP" */;
			productName = SwiftSMTP;
		};
/* End XCSwiftPackageProductDependency section */

/* Begin XCVersionGroup section */
		7682EBC129C0D0710073142B /* ProductData.xcdatamodeld */ = {
			isa = XCVersionGroup;
			children = (
				7682EBC229C0D0710073142B /* ProductData.xcdatamodel */,
			);
			currentVersion = 7682EBC229C0D0710073142B /* ProductData.xcdatamodel */;
			path = ProductData.xcdatamodeld;
			sourceTree = "<group>";
			versionGroupType = wrapper.xcdatamodel;
		};
/* End XCVersionGroup section */
	};
	rootObject = 76EAFF7529AB3ACC001799EB /* Project object */;
}
