// !$*UTF8*$!
{
	archiveVersion = 1;
	classes = {
	};
	objectVersion = 56;
	objects = {

/* Begin PBXBuildFile section */
		763B1FA529BDF7C80027C3E3 /* FavoriteButtonView.swift in Sources */ = {isa = PBXBuildFile; fileRef = 763B1FA429BDF7C80027C3E3 /* FavoriteButtonView.swift */; };
		7642E02229D5DACC00A37D01 /* FavoriteAddToCartItem.swift in Sources */ = {isa = PBXBuildFile; fileRef = 7642E02129D5DACC00A37D01 /* FavoriteAddToCartItem.swift */; };
		7642E02429D5DAF500A37D01 /* FavoriteAddToFavoriteItem.swift in Sources */ = {isa = PBXBuildFile; fileRef = 7642E02329D5DAF500A37D01 /* FavoriteAddToFavoriteItem.swift */; };
		7642E02B29D6D11400A37D01 /* HTTPDataDownloader.swift in Sources */ = {isa = PBXBuildFile; fileRef = 7642E02A29D6D11400A37D01 /* HTTPDataDownloader.swift */; };
		7642E02D29D6D14600A37D01 /* ProductError.swift in Sources */ = {isa = PBXBuildFile; fileRef = 7642E02C29D6D14600A37D01 /* ProductError.swift */; };
		7642E02F29D6D24400A37D01 /* ProductJSON.swift in Sources */ = {isa = PBXBuildFile; fileRef = 7642E02E29D6D24400A37D01 /* ProductJSON.swift */; };
		7642E03129D6D3E400A37D01 /* ProductProvider.swift in Sources */ = {isa = PBXBuildFile; fileRef = 7642E03029D6D3E400A37D01 /* ProductProvider.swift */; };
		7644A7FA29C04BBC00B1E788 /* FavoritesGridView.swift in Sources */ = {isa = PBXBuildFile; fileRef = 7644A7F929C04BBC00B1E788 /* FavoritesGridView.swift */; };
		7644AE0529DD3B02009B4730 /* Kingfisher in Frameworks */ = {isa = PBXBuildFile; productRef = 7644AE0429DD3B02009B4730 /* Kingfisher */; };
		764B9C3529D5D6660077B1A4 /* FavoriteImageView.swift in Sources */ = {isa = PBXBuildFile; fileRef = 764B9C3429D5D6660077B1A4 /* FavoriteImageView.swift */; };
		764B9C3729D5D7270077B1A4 /* FavoriteTitleTextView.swift in Sources */ = {isa = PBXBuildFile; fileRef = 764B9C3629D5D7270077B1A4 /* FavoriteTitleTextView.swift */; };
		7654713829E3487400C7BEC0 /* SendGrid in Frameworks */ = {isa = PBXBuildFile; productRef = 7654713729E3487400C7BEC0 /* SendGrid */; };
		7654713D29E4516C00C7BEC0 /* Message.swift in Sources */ = {isa = PBXBuildFile; fileRef = 7654713C29E4516C00C7BEC0 /* Message.swift */; };
		7654713F29E4546F00C7BEC0 /* Send.swift in Sources */ = {isa = PBXBuildFile; fileRef = 7654713E29E4546F00C7BEC0 /* Send.swift */; };
		765F214329BCA19D0052A95B /* LoginView.swift in Sources */ = {isa = PBXBuildFile; fileRef = 765F214229BCA19D0052A95B /* LoginView.swift */; };
		765F214629BCA2250052A95B /* ViewRouter.swift in Sources */ = {isa = PBXBuildFile; fileRef = 765F214529BCA2250052A95B /* ViewRouter.swift */; };
		765F214829BCA2500052A95B /* Helpers.swift in Sources */ = {isa = PBXBuildFile; fileRef = 765F214729BCA2500052A95B /* Helpers.swift */; };
		765F214A29BCA2CD0052A95B /* BrandLogo.swift in Sources */ = {isa = PBXBuildFile; fileRef = 765F214929BCA2CD0052A95B /* BrandLogo.swift */; };
		765F214C29BCA3570052A95B /* UserName.swift in Sources */ = {isa = PBXBuildFile; fileRef = 765F214B29BCA3570052A95B /* UserName.swift */; };
		765F214E29BCA4DB0052A95B /* Password.swift in Sources */ = {isa = PBXBuildFile; fileRef = 765F214D29BCA4DB0052A95B /* Password.swift */; };
		765F215029BCA5420052A95B /* LoginButton.swift in Sources */ = {isa = PBXBuildFile; fileRef = 765F214F29BCA5420052A95B /* LoginButton.swift */; };
		765F215229BCA8860052A95B /* SkipButton.swift in Sources */ = {isa = PBXBuildFile; fileRef = 765F215129BCA8860052A95B /* SkipButton.swift */; };
		765F581429D466B500042727 /* Network.swift in Sources */ = {isa = PBXBuildFile; fileRef = 765F581329D466B500042727 /* Network.swift */; };
		765F581829D4790000042727 /* SizesRow.swift in Sources */ = {isa = PBXBuildFile; fileRef = 765F581729D4790000042727 /* SizesRow.swift */; };
		765F581A29D47BD100042727 /* SizeList.swift in Sources */ = {isa = PBXBuildFile; fileRef = 765F581929D47BD100042727 /* SizeList.swift */; };
		766F0EDA29E5AB74006D74DF /* HeaderViewHomeScreen.swift in Sources */ = {isa = PBXBuildFile; fileRef = 766F0ED929E5AB74006D74DF /* HeaderViewHomeScreen.swift */; };
		766F0EDD29E5B2AD006D74DF /* CategoryList.swift in Sources */ = {isa = PBXBuildFile; fileRef = 766F0EDC29E5B2AD006D74DF /* CategoryList.swift */; };
		766F0EDF29E5E17E006D74DF /* TabItemData.swift in Sources */ = {isa = PBXBuildFile; fileRef = 766F0EDE29E5E17E006D74DF /* TabItemData.swift */; };
		766F0EE129E5E1EB006D74DF /* TabItemView.swift in Sources */ = {isa = PBXBuildFile; fileRef = 766F0EE029E5E1EB006D74DF /* TabItemView.swift */; };
		766F0EE329E5E501006D74DF /* TabBottomView.swift in Sources */ = {isa = PBXBuildFile; fileRef = 766F0EE229E5E501006D74DF /* TabBottomView.swift */; };
		766F0EE529E5E86D006D74DF /* CustomTabView.swift in Sources */ = {isa = PBXBuildFile; fileRef = 766F0EE429E5E86D006D74DF /* CustomTabView.swift */; };
		766F0EE729E5EB64006D74DF /* MainTabView.swift in Sources */ = {isa = PBXBuildFile; fileRef = 766F0EE629E5EB64006D74DF /* MainTabView.swift */; };
		766F0EEA29E5F099006D74DF /* PickerListTests.swift in Sources */ = {isa = PBXBuildFile; fileRef = 766F0EE929E5F099006D74DF /* PickerListTests.swift */; };
		7678586D29C18DC200A0A709 /* PlaceOrder.swift in Sources */ = {isa = PBXBuildFile; fileRef = 7678586C29C18DC200A0A709 /* PlaceOrder.swift */; };
		7678586F29C18E7A00A0A709 /* OrderInformation.swift in Sources */ = {isa = PBXBuildFile; fileRef = 7678586E29C18E7A00A0A709 /* OrderInformation.swift */; };
		7678587129C1905000A0A709 /* PaymentInformation.swift in Sources */ = {isa = PBXBuildFile; fileRef = 7678587029C1905000A0A709 /* PaymentInformation.swift */; };
		7678587329C190C300A0A709 /* Total.swift in Sources */ = {isa = PBXBuildFile; fileRef = 7678587229C190C300A0A709 /* Total.swift */; };
		7678587529C191D800A0A709 /* EmptyCartView.swift in Sources */ = {isa = PBXBuildFile; fileRef = 7678587429C191D800A0A709 /* EmptyCartView.swift */; };
		7678587729C1923300A0A709 /* EmptyFavoritesView.swift in Sources */ = {isa = PBXBuildFile; fileRef = 7678587629C1923300A0A709 /* EmptyFavoritesView.swift */; };
		7682EBC029C0D03A0073142B /* Persistance.swift in Sources */ = {isa = PBXBuildFile; fileRef = 7682EBBF29C0D03A0073142B /* Persistance.swift */; };
		7682EBC329C0D0710073142B /* ProductData.xcdatamodeld in Sources */ = {isa = PBXBuildFile; fileRef = 7682EBC129C0D0710073142B /* ProductData.xcdatamodeld */; };
		7682EBC929C10D2B0073142B /* CartProductInfo.swift in Sources */ = {isa = PBXBuildFile; fileRef = 7682EBC829C10D2B0073142B /* CartProductInfo.swift */; };
		7682EBCB29C10F6E0073142B /* PriceCartView.swift in Sources */ = {isa = PBXBuildFile; fileRef = 7682EBCA29C10F6E0073142B /* PriceCartView.swift */; };
		7682EBCD29C112840073142B /* AccountSheet.swift in Sources */ = {isa = PBXBuildFile; fileRef = 7682EBCC29C112840073142B /* AccountSheet.swift */; };
		7682EBCF29C112CF0073142B /* ProfileVIew.swift in Sources */ = {isa = PBXBuildFile; fileRef = 7682EBCE29C112CF0073142B /* ProfileVIew.swift */; };
		7682EBD129C113B00073142B /* AlertView.swift in Sources */ = {isa = PBXBuildFile; fileRef = 7682EBD029C113B00073142B /* AlertView.swift */; };
		76A57ADA29D75D3000F428AB /* ZefirDress92Tests.swift in Sources */ = {isa = PBXBuildFile; fileRef = 76A57AD929D75D3000F428AB /* ZefirDress92Tests.swift */; };
		76A57AE329D75E5600F428AB /* ProductTests.swift in Sources */ = {isa = PBXBuildFile; fileRef = 76A57AE229D75E5600F428AB /* ProductTests.swift */; };
		76A57AE429D8527200F428AB /* TestData.swift in Sources */ = {isa = PBXBuildFile; fileRef = 76A57AE029D75D6B00F428AB /* TestData.swift */; };
		76A57AE829D852DC00F428AB /* TestDownloader.swift in Sources */ = {isa = PBXBuildFile; fileRef = 76A57AE729D852DC00F428AB /* TestDownloader.swift */; };
		76EAF42729B7B917001BEEBE /* ItemSizeCheckView.swift in Sources */ = {isa = PBXBuildFile; fileRef = 76EAF42629B7B917001BEEBE /* ItemSizeCheckView.swift */; };
		76EAF42929B8B821001BEEBE /* ItemPriceView.swift in Sources */ = {isa = PBXBuildFile; fileRef = 76EAF42829B8B821001BEEBE /* ItemPriceView.swift */; };
		76EAFF8129AB3ACC001799EB /* ZefirDress92App.swift in Sources */ = {isa = PBXBuildFile; fileRef = 76EAFF8029AB3ACC001799EB /* ZefirDress92App.swift */; };
		76EAFF8329AB3ACC001799EB /* MainView.swift in Sources */ = {isa = PBXBuildFile; fileRef = 76EAFF8229AB3ACC001799EB /* MainView.swift */; };
		76EAFF8529AB3ACE001799EB /* Assets.xcassets in Resources */ = {isa = PBXBuildFile; fileRef = 76EAFF8429AB3ACE001799EB /* Assets.xcassets */; };
		76EAFF8829AB3ACE001799EB /* Preview Assets.xcassets in Resources */ = {isa = PBXBuildFile; fileRef = 76EAFF8729AB3ACE001799EB /* Preview Assets.xcassets */; };
		76EAFF9029AB7829001799EB /* Product.swift in Sources */ = {isa = PBXBuildFile; fileRef = 76EAFF8F29AB7829001799EB /* Product.swift */; };
		76EAFF9629AB7AC2001799EB /* Constant.swift in Sources */ = {isa = PBXBuildFile; fileRef = 76EAFF9529AB7AC2001799EB /* Constant.swift */; };
		76EAFFA329AB860C001799EB /* ItemDetailView.swift in Sources */ = {isa = PBXBuildFile; fileRef = 76EAFFA229AB860C001799EB /* ItemDetailView.swift */; };
		76EAFFA629ABD722001799EB /* ProductView.swift in Sources */ = {isa = PBXBuildFile; fileRef = 76EAFFA529ABD722001799EB /* ProductView.swift */; };
		76EAFFA829ABDBAB001799EB /* ProductGridView.swift in Sources */ = {isa = PBXBuildFile; fileRef = 76EAFFA729ABDBAB001799EB /* ProductGridView.swift */; };
		76EAFFAC29AC9765001799EB /* product.json in Resources */ = {isa = PBXBuildFile; fileRef = 76EAFFAB29AC9765001799EB /* product.json */; };
		76EAFFB029ACA369001799EB /* CartView.swift in Sources */ = {isa = PBXBuildFile; fileRef = 76EAFFAF29ACA369001799EB /* CartView.swift */; };
		76EAFFB229AD48C1001799EB /* AddToCartButton.swift in Sources */ = {isa = PBXBuildFile; fileRef = 76EAFFB129AD48C1001799EB /* AddToCartButton.swift */; };
		76EAFFB429AD4DEB001799EB /* ItemDescriptionView.swift in Sources */ = {isa = PBXBuildFile; fileRef = 76EAFFB329AD4DEB001799EB /* ItemDescriptionView.swift */; };
/* End PBXBuildFile section */

/* Begin PBXContainerItemProxy section */
		76A57ADB29D75D3000F428AB /* PBXContainerItemProxy */ = {
			isa = PBXContainerItemProxy;
			containerPortal = 76EAFF7529AB3ACC001799EB /* Project object */;
			proxyType = 1;
			remoteGlobalIDString = 76EAFF7C29AB3ACC001799EB;
			remoteInfo = ZefirDress92;
		};
/* End PBXContainerItemProxy section */

/* Begin PBXFileReference section */
		763B1FA429BDF7C80027C3E3 /* FavoriteButtonView.swift */ = {isa = PBXFileReference; lastKnownFileType = sourcecode.swift; path = FavoriteButtonView.swift; sourceTree = "<group>"; };
		7642E02129D5DACC00A37D01 /* FavoriteAddToCartItem.swift */ = {isa = PBXFileReference; lastKnownFileType = sourcecode.swift; path = FavoriteAddToCartItem.swift; sourceTree = "<group>"; };
		7642E02329D5DAF500A37D01 /* FavoriteAddToFavoriteItem.swift */ = {isa = PBXFileReference; lastKnownFileType = sourcecode.swift; path = FavoriteAddToFavoriteItem.swift; sourceTree = "<group>"; };
		7642E02A29D6D11400A37D01 /* HTTPDataDownloader.swift */ = {isa = PBXFileReference; lastKnownFileType = sourcecode.swift; path = HTTPDataDownloader.swift; sourceTree = "<group>"; };
		7642E02C29D6D14600A37D01 /* ProductError.swift */ = {isa = PBXFileReference; lastKnownFileType = sourcecode.swift; path = ProductError.swift; sourceTree = "<group>"; };
		7642E02E29D6D24400A37D01 /* ProductJSON.swift */ = {isa = PBXFileReference; lastKnownFileType = sourcecode.swift; path = ProductJSON.swift; sourceTree = "<group>"; };
		7642E03029D6D3E400A37D01 /* ProductProvider.swift */ = {isa = PBXFileReference; lastKnownFileType = sourcecode.swift; path = ProductProvider.swift; sourceTree = "<group>"; };
		7644A7F929C04BBC00B1E788 /* FavoritesGridView.swift */ = {isa = PBXFileReference; lastKnownFileType = sourcecode.swift; path = FavoritesGridView.swift; sourceTree = "<group>"; };
		764B9C3429D5D6660077B1A4 /* FavoriteImageView.swift */ = {isa = PBXFileReference; lastKnownFileType = sourcecode.swift; path = FavoriteImageView.swift; sourceTree = "<group>"; };
		764B9C3629D5D7270077B1A4 /* FavoriteTitleTextView.swift */ = {isa = PBXFileReference; lastKnownFileType = sourcecode.swift; path = FavoriteTitleTextView.swift; sourceTree = "<group>"; };
		7654713C29E4516C00C7BEC0 /* Message.swift */ = {isa = PBXFileReference; lastKnownFileType = sourcecode.swift; path = Message.swift; sourceTree = "<group>"; };
		7654713E29E4546F00C7BEC0 /* Send.swift */ = {isa = PBXFileReference; lastKnownFileType = sourcecode.swift; path = Send.swift; sourceTree = "<group>"; };
		765F214229BCA19D0052A95B /* LoginView.swift */ = {isa = PBXFileReference; lastKnownFileType = sourcecode.swift; path = LoginView.swift; sourceTree = "<group>"; };
		765F214529BCA2250052A95B /* ViewRouter.swift */ = {isa = PBXFileReference; lastKnownFileType = sourcecode.swift; path = ViewRouter.swift; sourceTree = "<group>"; };
		765F214729BCA2500052A95B /* Helpers.swift */ = {isa = PBXFileReference; lastKnownFileType = sourcecode.swift; path = Helpers.swift; sourceTree = "<group>"; };
		765F214929BCA2CD0052A95B /* BrandLogo.swift */ = {isa = PBXFileReference; lastKnownFileType = sourcecode.swift; path = BrandLogo.swift; sourceTree = "<group>"; };
		765F214B29BCA3570052A95B /* UserName.swift */ = {isa = PBXFileReference; lastKnownFileType = sourcecode.swift; path = UserName.swift; sourceTree = "<group>"; };
		765F214D29BCA4DB0052A95B /* Password.swift */ = {isa = PBXFileReference; lastKnownFileType = sourcecode.swift; path = Password.swift; sourceTree = "<group>"; };
		765F214F29BCA5420052A95B /* LoginButton.swift */ = {isa = PBXFileReference; lastKnownFileType = sourcecode.swift; path = LoginButton.swift; sourceTree = "<group>"; };
		765F215129BCA8860052A95B /* SkipButton.swift */ = {isa = PBXFileReference; lastKnownFileType = sourcecode.swift; path = SkipButton.swift; sourceTree = "<group>"; };
		765F581329D466B500042727 /* Network.swift */ = {isa = PBXFileReference; lastKnownFileType = sourcecode.swift; path = Network.swift; sourceTree = "<group>"; };
		765F581529D4687400042727 /* Info.plist */ = {isa = PBXFileReference; lastKnownFileType = text.plist; path = Info.plist; sourceTree = "<group>"; };
		765F581729D4790000042727 /* SizesRow.swift */ = {isa = PBXFileReference; lastKnownFileType = sourcecode.swift; path = SizesRow.swift; sourceTree = "<group>"; };
		765F581929D47BD100042727 /* SizeList.swift */ = {isa = PBXFileReference; lastKnownFileType = sourcecode.swift; path = SizeList.swift; sourceTree = "<group>"; };
		766F0ED929E5AB74006D74DF /* HeaderViewHomeScreen.swift */ = {isa = PBXFileReference; lastKnownFileType = sourcecode.swift; path = HeaderViewHomeScreen.swift; sourceTree = "<group>"; };
		766F0EDC29E5B2AD006D74DF /* CategoryList.swift */ = {isa = PBXFileReference; lastKnownFileType = sourcecode.swift; path = CategoryList.swift; sourceTree = "<group>"; };
		766F0EDE29E5E17E006D74DF /* TabItemData.swift */ = {isa = PBXFileReference; lastKnownFileType = sourcecode.swift; path = TabItemData.swift; sourceTree = "<group>"; };
		766F0EE029E5E1EB006D74DF /* TabItemView.swift */ = {isa = PBXFileReference; lastKnownFileType = sourcecode.swift; path = TabItemView.swift; sourceTree = "<group>"; };
		766F0EE229E5E501006D74DF /* TabBottomView.swift */ = {isa = PBXFileReference; lastKnownFileType = sourcecode.swift; path = TabBottomView.swift; sourceTree = "<group>"; };
		766F0EE429E5E86D006D74DF /* CustomTabView.swift */ = {isa = PBXFileReference; lastKnownFileType = sourcecode.swift; path = CustomTabView.swift; sourceTree = "<group>"; };
		766F0EE629E5EB64006D74DF /* MainTabView.swift */ = {isa = PBXFileReference; lastKnownFileType = sourcecode.swift; path = MainTabView.swift; sourceTree = "<group>"; };
		766F0EE929E5F099006D74DF /* PickerListTests.swift */ = {isa = PBXFileReference; lastKnownFileType = sourcecode.swift; path = PickerListTests.swift; sourceTree = "<group>"; };
		7678586C29C18DC200A0A709 /* PlaceOrder.swift */ = {isa = PBXFileReference; lastKnownFileType = sourcecode.swift; path = PlaceOrder.swift; sourceTree = "<group>"; };
		7678586E29C18E7A00A0A709 /* OrderInformation.swift */ = {isa = PBXFileReference; lastKnownFileType = sourcecode.swift; path = OrderInformation.swift; sourceTree = "<group>"; };
		7678587029C1905000A0A709 /* PaymentInformation.swift */ = {isa = PBXFileReference; lastKnownFileType = sourcecode.swift; path = PaymentInformation.swift; sourceTree = "<group>"; };
		7678587229C190C300A0A709 /* Total.swift */ = {isa = PBXFileReference; lastKnownFileType = sourcecode.swift; path = Total.swift; sourceTree = "<group>"; };
		7678587429C191D800A0A709 /* EmptyCartView.swift */ = {isa = PBXFileReference; lastKnownFileType = sourcecode.swift; path = EmptyCartView.swift; sourceTree = "<group>"; };
		7678587629C1923300A0A709 /* EmptyFavoritesView.swift */ = {isa = PBXFileReference; lastKnownFileType = sourcecode.swift; path = EmptyFavoritesView.swift; sourceTree = "<group>"; };
		7682EBBF29C0D03A0073142B /* Persistance.swift */ = {isa = PBXFileReference; lastKnownFileType = sourcecode.swift; path = Persistance.swift; sourceTree = "<group>"; };
		7682EBC229C0D0710073142B /* ProductData.xcdatamodel */ = {isa = PBXFileReference; explicitFileType = wrapper.xcdatamodel; path = ProductData.xcdatamodel; sourceTree = "<group>"; };
		7682EBC829C10D2B0073142B /* CartProductInfo.swift */ = {isa = PBXFileReference; lastKnownFileType = sourcecode.swift; path = CartProductInfo.swift; sourceTree = "<group>"; };
		7682EBCA29C10F6E0073142B /* PriceCartView.swift */ = {isa = PBXFileReference; lastKnownFileType = sourcecode.swift; path = PriceCartView.swift; sourceTree = "<group>"; };
		7682EBCC29C112840073142B /* AccountSheet.swift */ = {isa = PBXFileReference; lastKnownFileType = sourcecode.swift; path = AccountSheet.swift; sourceTree = "<group>"; };
		7682EBCE29C112CF0073142B /* ProfileVIew.swift */ = {isa = PBXFileReference; lastKnownFileType = sourcecode.swift; path = ProfileVIew.swift; sourceTree = "<group>"; };
		7682EBD029C113B00073142B /* AlertView.swift */ = {isa = PBXFileReference; lastKnownFileType = sourcecode.swift; path = AlertView.swift; sourceTree = "<group>"; };
		76A57AD729D75D3000F428AB /* ZefirDress92Tests.xctest */ = {isa = PBXFileReference; explicitFileType = wrapper.cfbundle; includeInIndex = 0; path = ZefirDress92Tests.xctest; sourceTree = BUILT_PRODUCTS_DIR; };
		76A57AD929D75D3000F428AB /* ZefirDress92Tests.swift */ = {isa = PBXFileReference; lastKnownFileType = sourcecode.swift; path = ZefirDress92Tests.swift; sourceTree = "<group>"; };
		76A57AE029D75D6B00F428AB /* TestData.swift */ = {isa = PBXFileReference; lastKnownFileType = sourcecode.swift; path = TestData.swift; sourceTree = "<group>"; };
		76A57AE229D75E5600F428AB /* ProductTests.swift */ = {isa = PBXFileReference; lastKnownFileType = sourcecode.swift; path = ProductTests.swift; sourceTree = "<group>"; };
		76A57AE729D852DC00F428AB /* TestDownloader.swift */ = {isa = PBXFileReference; lastKnownFileType = sourcecode.swift; path = TestDownloader.swift; sourceTree = "<group>"; };
		76EAF42629B7B917001BEEBE /* ItemSizeCheckView.swift */ = {isa = PBXFileReference; lastKnownFileType = sourcecode.swift; path = ItemSizeCheckView.swift; sourceTree = "<group>"; };
		76EAF42829B8B821001BEEBE /* ItemPriceView.swift */ = {isa = PBXFileReference; lastKnownFileType = sourcecode.swift; path = ItemPriceView.swift; sourceTree = "<group>"; };
		76EAFF7D29AB3ACC001799EB /* ZefirDress92.app */ = {isa = PBXFileReference; explicitFileType = wrapper.application; includeInIndex = 0; path = ZefirDress92.app; sourceTree = BUILT_PRODUCTS_DIR; };
		76EAFF8029AB3ACC001799EB /* ZefirDress92App.swift */ = {isa = PBXFileReference; lastKnownFileType = sourcecode.swift; path = ZefirDress92App.swift; sourceTree = "<group>"; };
		76EAFF8229AB3ACC001799EB /* MainView.swift */ = {isa = PBXFileReference; lastKnownFileType = sourcecode.swift; path = MainView.swift; sourceTree = "<group>"; };
		76EAFF8429AB3ACE001799EB /* Assets.xcassets */ = {isa = PBXFileReference; lastKnownFileType = folder.assetcatalog; path = Assets.xcassets; sourceTree = "<group>"; };
		76EAFF8729AB3ACE001799EB /* Preview Assets.xcassets */ = {isa = PBXFileReference; lastKnownFileType = folder.assetcatalog; path = "Preview Assets.xcassets"; sourceTree = "<group>"; };
		76EAFF8F29AB7829001799EB /* Product.swift */ = {isa = PBXFileReference; lastKnownFileType = sourcecode.swift; path = Product.swift; sourceTree = "<group>"; };
		76EAFF9529AB7AC2001799EB /* Constant.swift */ = {isa = PBXFileReference; lastKnownFileType = sourcecode.swift; path = Constant.swift; sourceTree = "<group>"; };
		76EAFFA229AB860C001799EB /* ItemDetailView.swift */ = {isa = PBXFileReference; lastKnownFileType = sourcecode.swift; path = ItemDetailView.swift; sourceTree = "<group>"; };
		76EAFFA529ABD722001799EB /* ProductView.swift */ = {isa = PBXFileReference; lastKnownFileType = sourcecode.swift; path = ProductView.swift; sourceTree = "<group>"; };
		76EAFFA729ABDBAB001799EB /* ProductGridView.swift */ = {isa = PBXFileReference; lastKnownFileType = sourcecode.swift; path = ProductGridView.swift; sourceTree = "<group>"; };
		76EAFFAB29AC9765001799EB /* product.json */ = {isa = PBXFileReference; lastKnownFileType = text.json; path = product.json; sourceTree = "<group>"; };
		76EAFFAF29ACA369001799EB /* CartView.swift */ = {isa = PBXFileReference; lastKnownFileType = sourcecode.swift; path = CartView.swift; sourceTree = "<group>"; };
		76EAFFB129AD48C1001799EB /* AddToCartButton.swift */ = {isa = PBXFileReference; lastKnownFileType = sourcecode.swift; path = AddToCartButton.swift; sourceTree = "<group>"; };
		76EAFFB329AD4DEB001799EB /* ItemDescriptionView.swift */ = {isa = PBXFileReference; lastKnownFileType = sourcecode.swift; path = ItemDescriptionView.swift; sourceTree = "<group>"; };
/* End PBXFileReference section */

/* Begin PBXFrameworksBuildPhase section */
		76A57AD429D75D3000F428AB /* Frameworks */ = {
			isa = PBXFrameworksBuildPhase;
			buildActionMask = 2147483647;
			files = (
			);
			runOnlyForDeploymentPostprocessing = 0;
		};
		76EAFF7A29AB3ACC001799EB /* Frameworks */ = {
			isa = PBXFrameworksBuildPhase;
			buildActionMask = 2147483647;
			files = (
				7654713829E3487400C7BEC0 /* SendGrid in Frameworks */,
				7644AE0529DD3B02009B4730 /* Kingfisher in Frameworks */,
			);
			runOnlyForDeploymentPostprocessing = 0;
		};
/* End PBXFrameworksBuildPhase section */

/* Begin PBXGroup section */
		763B1FA129BCFE960027C3E3 /* AllDressView */ = {
			isa = PBXGroup;
			children = (
				76EAFFA729ABDBAB001799EB /* ProductGridView.swift */,
			);
			path = AllDressView;
			sourceTree = "<group>";
		};
		7642E03229D6DFFE00A37D01 /* Constant */ = {
			isa = PBXGroup;
			children = (
				76EAFF9529AB7AC2001799EB /* Constant.swift */,
			);
			path = Constant;
			sourceTree = "<group>";
		};
		7644A7F829C0319700B1E788 /* FavoritesView */ = {
			isa = PBXGroup;
			children = (
				764B9C3329D5D6190077B1A4 /* ItemFavorite */,
				7644A7F929C04BBC00B1E788 /* FavoritesGridView.swift */,
				7678587629C1923300A0A709 /* EmptyFavoritesView.swift */,
			);
			path = FavoritesView;
			sourceTree = "<group>";
		};
		764B9C3329D5D6190077B1A4 /* ItemFavorite */ = {
			isa = PBXGroup;
			children = (
				764B9C3429D5D6660077B1A4 /* FavoriteImageView.swift */,
				764B9C3629D5D7270077B1A4 /* FavoriteTitleTextView.swift */,
				7642E02129D5DACC00A37D01 /* FavoriteAddToCartItem.swift */,
				7642E02329D5DAF500A37D01 /* FavoriteAddToFavoriteItem.swift */,
			);
			path = ItemFavorite;
			sourceTree = "<group>";
		};
		7654713929E348D200C7BEC0 /* MessageSend */ = {
			isa = PBXGroup;
			children = (
				7654713C29E4516C00C7BEC0 /* Message.swift */,
				7654713E29E4546F00C7BEC0 /* Send.swift */,
			);
			path = MessageSend;
			sourceTree = "<group>";
		};
		765F214129BCA17E0052A95B /* Login */ = {
			isa = PBXGroup;
			children = (
				765F214229BCA19D0052A95B /* LoginView.swift */,
				765F214929BCA2CD0052A95B /* BrandLogo.swift */,
				765F214B29BCA3570052A95B /* UserName.swift */,
				765F214D29BCA4DB0052A95B /* Password.swift */,
				765F214F29BCA5420052A95B /* LoginButton.swift */,
				765F215129BCA8860052A95B /* SkipButton.swift */,
			);
			path = Login;
			sourceTree = "<group>";
		};
		765F581629D478CE00042727 /* SizesList */ = {
			isa = PBXGroup;
			children = (
				765F581729D4790000042727 /* SizesRow.swift */,
				765F581929D47BD100042727 /* SizeList.swift */,
			);
			path = SizesList;
			sourceTree = "<group>";
		};
		766F0ED729E5AB47006D74DF /* HomeScreen */ = {
			isa = PBXGroup;
			children = (
				766F0EDB29E5AF1D006D74DF /* SizeList */,
				766F0ED829E5AB57006D74DF /* Header */,
			);
			path = HomeScreen;
			sourceTree = "<group>";
		};
		766F0ED829E5AB57006D74DF /* Header */ = {
			isa = PBXGroup;
			children = (
				766F0ED929E5AB74006D74DF /* HeaderViewHomeScreen.swift */,
			);
			path = Header;
			sourceTree = "<group>";
		};
		766F0EDB29E5AF1D006D74DF /* SizeList */ = {
			isa = PBXGroup;
			children = (
				766F0EDC29E5B2AD006D74DF /* CategoryList.swift */,
			);
			path = SizeList;
			sourceTree = "<group>";
		};
		766F0EE829E5EE3A006D74DF /* TabView */ = {
			isa = PBXGroup;
			children = (
				766F0EE029E5E1EB006D74DF /* TabItemView.swift */,
				766F0EE229E5E501006D74DF /* TabBottomView.swift */,
				766F0EE429E5E86D006D74DF /* CustomTabView.swift */,
				766F0EE629E5EB64006D74DF /* MainTabView.swift */,
			);
			path = TabView;
			sourceTree = "<group>";
		};
		7678587829C1943600A0A709 /* Profile */ = {
			isa = PBXGroup;
			children = (
				7682EBCC29C112840073142B /* AccountSheet.swift */,
				7678587029C1905000A0A709 /* PaymentInformation.swift */,
				7678586E29C18E7A00A0A709 /* OrderInformation.swift */,
				7682EBCE29C112CF0073142B /* ProfileVIew.swift */,
			);
			path = Profile;
			sourceTree = "<group>";
		};
		7682EBBE29C0D0160073142B /* CoreDataOrder */ = {
			isa = PBXGroup;
			children = (
				7682EBBF29C0D03A0073142B /* Persistance.swift */,
				7682EBC129C0D0710073142B /* ProductData.xcdatamodeld */,
			);
			path = CoreDataOrder;
			sourceTree = "<group>";
		};
		76A57AD829D75D3000F428AB /* ZefirDress92Tests */ = {
			isa = PBXGroup;
			children = (
				76A57AD929D75D3000F428AB /* ZefirDress92Tests.swift */,
				76A57AE229D75E5600F428AB /* ProductTests.swift */,
			);
			path = ZefirDress92Tests;
			sourceTree = "<group>";
		};
		76EAF42A29B8C11D001BEEBE /* ProductGrid */ = {
			isa = PBXGroup;
			children = (
				765F581629D478CE00042727 /* SizesList */,
				763B1FA129BCFE960027C3E3 /* AllDressView */,
				76EAFFA529ABD722001799EB /* ProductView.swift */,
			);
			path = ProductGrid;
			sourceTree = "<group>";
		};
		76EAFF7429AB3ACC001799EB = {
			isa = PBXGroup;
			children = (
				76EAFF7F29AB3ACC001799EB /* ZefirDress92 */,
				76A57AD829D75D3000F428AB /* ZefirDress92Tests */,
				76EAFF7E29AB3ACC001799EB /* Products */,
			);
			sourceTree = "<group>";
		};
		76EAFF7E29AB3ACC001799EB /* Products */ = {
			isa = PBXGroup;
			children = (
				76EAFF7D29AB3ACC001799EB /* ZefirDress92.app */,
				76A57AD729D75D3000F428AB /* ZefirDress92Tests.xctest */,
			);
			name = Products;
			sourceTree = "<group>";
		};
		76EAFF7F29AB3ACC001799EB /* ZefirDress92 */ = {
			isa = PBXGroup;
			children = (
				7654713929E348D200C7BEC0 /* MessageSend */,
				76EAFF9B29AB7DE8001799EB /* View */,
				76EAFF9429AB7AAD001799EB /* ViewModel */,
				76EAFF8E29AB3AF7001799EB /* Model */,
				7642E03229D6DFFE00A37D01 /* Constant */,
				7682EBBE29C0D0160073142B /* CoreDataOrder */,
				76EAFF8029AB3ACC001799EB /* ZefirDress92App.swift */,
				76EAFF8229AB3ACC001799EB /* MainView.swift */,
				76EAFF8429AB3ACE001799EB /* Assets.xcassets */,
				76EAFF8629AB3ACE001799EB /* Preview Content */,
				76EAFFAB29AC9765001799EB /* product.json */,
				765F581529D4687400042727 /* Info.plist */,
			);
			path = ZefirDress92;
			sourceTree = "<group>";
		};
		76EAFF8629AB3ACE001799EB /* Preview Content */ = {
			isa = PBXGroup;
			children = (
				76A57AE729D852DC00F428AB /* TestDownloader.swift */,
				76A57AE029D75D6B00F428AB /* TestData.swift */,
				76EAFF8729AB3ACE001799EB /* Preview Assets.xcassets */,
			);
			path = "Preview Content";
			sourceTree = "<group>";
		};
		76EAFF8E29AB3AF7001799EB /* Model */ = {
			isa = PBXGroup;
			children = (
				76EAFF8F29AB7829001799EB /* Product.swift */,
				765F214729BCA2500052A95B /* Helpers.swift */,
				766F0EDE29E5E17E006D74DF /* TabItemData.swift */,
			);
			path = Model;
			sourceTree = "<group>";
		};
		76EAFF9429AB7AAD001799EB /* ViewModel */ = {
			isa = PBXGroup;
			children = (
				765F214529BCA2250052A95B /* ViewRouter.swift */,
				765F581329D466B500042727 /* Network.swift */,
				7642E02A29D6D11400A37D01 /* HTTPDataDownloader.swift */,
				7642E02C29D6D14600A37D01 /* ProductError.swift */,
				7642E02E29D6D24400A37D01 /* ProductJSON.swift */,
				7642E03029D6D3E400A37D01 /* ProductProvider.swift */,
			);
			path = ViewModel;
			sourceTree = "<group>";
		};
		76EAFF9B29AB7DE8001799EB /* View */ = {
			isa = PBXGroup;
			children = (
				766F0EE829E5EE3A006D74DF /* TabView */,
				766F0ED729E5AB47006D74DF /* HomeScreen */,
				7678587829C1943600A0A709 /* Profile */,
				7644A7F829C0319700B1E788 /* FavoritesView */,
				765F214129BCA17E0052A95B /* Login */,
				76EAFFA429ABD70A001799EB /* Home */,
				76EAFFA129AB85EF001799EB /* Items */,
				76EAFF9C29AB7DF0001799EB /* CartView */,
				766F0EE929E5F099006D74DF /* PickerListTests.swift */,
			);
			path = View;
			sourceTree = "<group>";
		};
		76EAFF9C29AB7DF0001799EB /* CartView */ = {
			isa = PBXGroup;
			children = (
				76EAFFAF29ACA369001799EB /* CartView.swift */,
				7682EBC829C10D2B0073142B /* CartProductInfo.swift */,
				7682EBCA29C10F6E0073142B /* PriceCartView.swift */,
				7682EBD029C113B00073142B /* AlertView.swift */,
				7678587229C190C300A0A709 /* Total.swift */,
				7678586C29C18DC200A0A709 /* PlaceOrder.swift */,
				7678587429C191D800A0A709 /* EmptyCartView.swift */,
			);
			path = CartView;
			sourceTree = "<group>";
		};
		76EAFFA129AB85EF001799EB /* Items */ = {
			isa = PBXGroup;
			children = (
				76EAFFA229AB860C001799EB /* ItemDetailView.swift */,
				76EAFFB129AD48C1001799EB /* AddToCartButton.swift */,
				76EAF42629B7B917001BEEBE /* ItemSizeCheckView.swift */,
				76EAF42829B8B821001BEEBE /* ItemPriceView.swift */,
				763B1FA429BDF7C80027C3E3 /* FavoriteButtonView.swift */,
				76EAFFB329AD4DEB001799EB /* ItemDescriptionView.swift */,
			);
			path = Items;
			sourceTree = "<group>";
		};
		76EAFFA429ABD70A001799EB /* Home */ = {
			isa = PBXGroup;
			children = (
				76EAF42A29B8C11D001BEEBE /* ProductGrid */,
			);
			path = Home;
			sourceTree = "<group>";
		};
/* End PBXGroup section */

/* Begin PBXNativeTarget section */
		76A57AD629D75D3000F428AB /* ZefirDress92Tests */ = {
			isa = PBXNativeTarget;
			buildConfigurationList = 76A57ADF29D75D3000F428AB /* Build configuration list for PBXNativeTarget "ZefirDress92Tests" */;
			buildPhases = (
				76A57AD329D75D3000F428AB /* Sources */,
				76A57AD429D75D3000F428AB /* Frameworks */,
				76A57AD529D75D3000F428AB /* Resources */,
			);
			buildRules = (
			);
			dependencies = (
				76A57ADC29D75D3000F428AB /* PBXTargetDependency */,
			);
			name = ZefirDress92Tests;
			productName = ZefirDress92Tests;
			productReference = 76A57AD729D75D3000F428AB /* ZefirDress92Tests.xctest */;
			productType = "com.apple.product-type.bundle.unit-test";
		};
		76EAFF7C29AB3ACC001799EB /* ZefirDress92 */ = {
			isa = PBXNativeTarget;
			buildConfigurationList = 76EAFF8B29AB3ACE001799EB /* Build configuration list for PBXNativeTarget "ZefirDress92" */;
			buildPhases = (
				76EAFF7929AB3ACC001799EB /* Sources */,
				76EAFF7A29AB3ACC001799EB /* Frameworks */,
				76EAFF7B29AB3ACC001799EB /* Resources */,
			);
			buildRules = (
			);
			dependencies = (
			);
			name = ZefirDress92;
			packageProductDependencies = (
				7644AE0429DD3B02009B4730 /* Kingfisher */,
				7654713729E3487400C7BEC0 /* SendGrid */,
			);
			productName = ZefirDress92;
			productReference = 76EAFF7D29AB3ACC001799EB /* ZefirDress92.app */;
			productType = "com.apple.product-type.application";
		};
/* End PBXNativeTarget section */

/* Begin PBXProject section */
		76EAFF7529AB3ACC001799EB /* Project object */ = {
			isa = PBXProject;
			attributes = {
				BuildIndependentTargetsInParallel = 1;
				LastSwiftUpdateCheck = 1420;
				LastUpgradeCheck = 1420;
				TargetAttributes = {
					76A57AD629D75D3000F428AB = {
						CreatedOnToolsVersion = 14.2;
						TestTargetID = 76EAFF7C29AB3ACC001799EB;
					};
					76EAFF7C29AB3ACC001799EB = {
						CreatedOnToolsVersion = 14.2;
					};
				};
			};
			buildConfigurationList = 76EAFF7829AB3ACC001799EB /* Build configuration list for PBXProject "ZefirDress92" */;
			compatibilityVersion = "Xcode 14.0";
			developmentRegion = en;
			hasScannedForEncodings = 0;
			knownRegions = (
				en,
				Base,
			);
			mainGroup = 76EAFF7429AB3ACC001799EB;
			packageReferences = (
				7644AE0329DD3B02009B4730 /* XCRemoteSwiftPackageReference "Kingfisher" */,
				7654713629E3487400C7BEC0 /* XCRemoteSwiftPackageReference "sendgrid-swift" */,
			);
			productRefGroup = 76EAFF7E29AB3ACC001799EB /* Products */;
			projectDirPath = "";
			projectRoot = "";
			targets = (
				76EAFF7C29AB3ACC001799EB /* ZefirDress92 */,
				76A57AD629D75D3000F428AB /* ZefirDress92Tests */,
			);
		};
/* End PBXProject section */

/* Begin PBXResourcesBuildPhase section */
		76A57AD529D75D3000F428AB /* Resources */ = {
			isa = PBXResourcesBuildPhase;
			buildActionMask = 2147483647;
			files = (
			);
			runOnlyForDeploymentPostprocessing = 0;
		};
		76EAFF7B29AB3ACC001799EB /* Resources */ = {
			isa = PBXResourcesBuildPhase;
			buildActionMask = 2147483647;
			files = (
				76EAFF8829AB3ACE001799EB /* Preview Assets.xcassets in Resources */,
				76EAFF8529AB3ACE001799EB /* Assets.xcassets in Resources */,
				76EAFFAC29AC9765001799EB /* product.json in Resources */,
			);
			runOnlyForDeploymentPostprocessing = 0;
		};
/* End PBXResourcesBuildPhase section */

/* Begin PBXSourcesBuildPhase section */
		76A57AD329D75D3000F428AB /* Sources */ = {
			isa = PBXSourcesBuildPhase;
			buildActionMask = 2147483647;
			files = (
				76A57ADA29D75D3000F428AB /* ZefirDress92Tests.swift in Sources */,
				76A57AE329D75E5600F428AB /* ProductTests.swift in Sources */,
			);
			runOnlyForDeploymentPostprocessing = 0;
		};
		76EAFF7929AB3ACC001799EB /* Sources */ = {
			isa = PBXSourcesBuildPhase;
			buildActionMask = 2147483647;
			files = (
				765F581A29D47BD100042727 /* SizeList.swift in Sources */,
				7682EBD129C113B00073142B /* AlertView.swift in Sources */,
				7682EBCF29C112CF0073142B /* ProfileVIew.swift in Sources */,
				7654713D29E4516C00C7BEC0 /* Message.swift in Sources */,
				7678587529C191D800A0A709 /* EmptyCartView.swift in Sources */,
				765F581829D4790000042727 /* SizesRow.swift in Sources */,
				76EAFFB429AD4DEB001799EB /* ItemDescriptionView.swift in Sources */,
				76EAFFA329AB860C001799EB /* ItemDetailView.swift in Sources */,
				765F581429D466B500042727 /* Network.swift in Sources */,
				764B9C3729D5D7270077B1A4 /* FavoriteTitleTextView.swift in Sources */,
				7678586F29C18E7A00A0A709 /* OrderInformation.swift in Sources */,
				7654713F29E4546F00C7BEC0 /* Send.swift in Sources */,
				76EAFF8329AB3ACC001799EB /* MainView.swift in Sources */,
				766F0EE329E5E501006D74DF /* TabBottomView.swift in Sources */,
				765F214E29BCA4DB0052A95B /* Password.swift in Sources */,
				76EAFFB229AD48C1001799EB /* AddToCartButton.swift in Sources */,
				76EAFFB029ACA369001799EB /* CartView.swift in Sources */,
				763B1FA529BDF7C80027C3E3 /* FavoriteButtonView.swift in Sources */,
				765F215229BCA8860052A95B /* SkipButton.swift in Sources */,
				766F0EEA29E5F099006D74DF /* PickerListTests.swift in Sources */,
				7678587729C1923300A0A709 /* EmptyFavoritesView.swift in Sources */,
				76A57AE429D8527200F428AB /* TestData.swift in Sources */,
				76EAFF9629AB7AC2001799EB /* Constant.swift in Sources */,
				764B9C3529D5D6660077B1A4 /* FavoriteImageView.swift in Sources */,
				765F214A29BCA2CD0052A95B /* BrandLogo.swift in Sources */,
				7642E02B29D6D11400A37D01 /* HTTPDataDownloader.swift in Sources */,
				7642E02429D5DAF500A37D01 /* FavoriteAddToFavoriteItem.swift in Sources */,
				766F0EDF29E5E17E006D74DF /* TabItemData.swift in Sources */,
				76EAFF8129AB3ACC001799EB /* ZefirDress92App.swift in Sources */,
				76EAFFA629ABD722001799EB /* ProductView.swift in Sources */,
				7644A7FA29C04BBC00B1E788 /* FavoritesGridView.swift in Sources */,
				7642E02229D5DACC00A37D01 /* FavoriteAddToCartItem.swift in Sources */,
				7682EBC329C0D0710073142B /* ProductData.xcdatamodeld in Sources */,
				76A57AE829D852DC00F428AB /* TestDownloader.swift in Sources */,
				766F0EE129E5E1EB006D74DF /* TabItemView.swift in Sources */,
				766F0EE729E5EB64006D74DF /* MainTabView.swift in Sources */,
				76EAF42729B7B917001BEEBE /* ItemSizeCheckView.swift in Sources */,
				76EAFF9029AB7829001799EB /* Product.swift in Sources */,
				76EAF42929B8B821001BEEBE /* ItemPriceView.swift in Sources */,
				766F0EDD29E5B2AD006D74DF /* CategoryList.swift in Sources */,
				765F214829BCA2500052A95B /* Helpers.swift in Sources */,
				7678587129C1905000A0A709 /* PaymentInformation.swift in Sources */,
				7682EBC029C0D03A0073142B /* Persistance.swift in Sources */,
				766F0EE529E5E86D006D74DF /* CustomTabView.swift in Sources */,
				765F214C29BCA3570052A95B /* UserName.swift in Sources */,
				7678587329C190C300A0A709 /* Total.swift in Sources */,
				7678586D29C18DC200A0A709 /* PlaceOrder.swift in Sources */,
				7642E03129D6D3E400A37D01 /* ProductProvider.swift in Sources */,
				766F0EDA29E5AB74006D74DF /* HeaderViewHomeScreen.swift in Sources */,
				7642E02D29D6D14600A37D01 /* ProductError.swift in Sources */,
				7642E02F29D6D24400A37D01 /* ProductJSON.swift in Sources */,
				765F214629BCA2250052A95B /* ViewRouter.swift in Sources */,
				76EAFFA829ABDBAB001799EB /* ProductGridView.swift in Sources */,
				7682EBCB29C10F6E0073142B /* PriceCartView.swift in Sources */,
				765F214329BCA19D0052A95B /* LoginView.swift in Sources */,
				765F215029BCA5420052A95B /* LoginButton.swift in Sources */,
				7682EBC929C10D2B0073142B /* CartProductInfo.swift in Sources */,
				7682EBCD29C112840073142B /* AccountSheet.swift in Sources */,
			);
			runOnlyForDeploymentPostprocessing = 0;
		};
/* End PBXSourcesBuildPhase section */

/* Begin PBXTargetDependency section */
		76A57ADC29D75D3000F428AB /* PBXTargetDependency */ = {
			isa = PBXTargetDependency;
			target = 76EAFF7C29AB3ACC001799EB /* ZefirDress92 */;
			targetProxy = 76A57ADB29D75D3000F428AB /* PBXContainerItemProxy */;
		};
/* End PBXTargetDependency section */

/* Begin XCBuildConfiguration section */
		76A57ADD29D75D3000F428AB /* Debug */ = {
			isa = XCBuildConfiguration;
			buildSettings = {
				BUNDLE_LOADER = "$(TEST_HOST)";
				CODE_SIGN_STYLE = Automatic;
				CURRENT_PROJECT_VERSION = 1;
				DEVELOPMENT_TEAM = 9S5AJR5C22;
				GENERATE_INFOPLIST_FILE = YES;
				IPHONEOS_DEPLOYMENT_TARGET = 16.2;
				MARKETING_VERSION = 1.0;
				PRODUCT_BUNDLE_IDENTIFIER = rzamolotov.ZefirDress92Tests;
				PRODUCT_NAME = "$(TARGET_NAME)";
				SWIFT_EMIT_LOC_STRINGS = NO;
				SWIFT_VERSION = 5.0;
				TARGETED_DEVICE_FAMILY = "1,2";
				TEST_HOST = "$(BUILT_PRODUCTS_DIR)/ZefirDress92.app/$(BUNDLE_EXECUTABLE_FOLDER_PATH)/ZefirDress92";
			};
			name = Debug;
		};
		76A57ADE29D75D3000F428AB /* Release */ = {
			isa = XCBuildConfiguration;
			buildSettings = {
				BUNDLE_LOADER = "$(TEST_HOST)";
				CODE_SIGN_STYLE = Automatic;
				CURRENT_PROJECT_VERSION = 1;
				DEVELOPMENT_TEAM = 9S5AJR5C22;
				GENERATE_INFOPLIST_FILE = YES;
				IPHONEOS_DEPLOYMENT_TARGET = 16.2;
				MARKETING_VERSION = 1.0;
				PRODUCT_BUNDLE_IDENTIFIER = rzamolotov.ZefirDress92Tests;
				PRODUCT_NAME = "$(TARGET_NAME)";
				SWIFT_EMIT_LOC_STRINGS = NO;
				SWIFT_VERSION = 5.0;
				TARGETED_DEVICE_FAMILY = "1,2";
				TEST_HOST = "$(BUILT_PRODUCTS_DIR)/ZefirDress92.app/$(BUNDLE_EXECUTABLE_FOLDER_PATH)/ZefirDress92";
			};
			name = Release;
		};
		76EAFF8929AB3ACE001799EB /* Debug */ = {
			isa = XCBuildConfiguration;
			buildSettings = {
				ALWAYS_SEARCH_USER_PATHS = NO;
				CLANG_ANALYZER_NONNULL = YES;
				CLANG_ANALYZER_NUMBER_OBJECT_CONVERSION = YES_AGGRESSIVE;
				CLANG_CXX_LANGUAGE_STANDARD = "gnu++20";
				CLANG_ENABLE_MODULES = YES;
				CLANG_ENABLE_OBJC_ARC = YES;
				CLANG_ENABLE_OBJC_WEAK = YES;
				CLANG_WARN_BLOCK_CAPTURE_AUTORELEASING = YES;
				CLANG_WARN_BOOL_CONVERSION = YES;
				CLANG_WARN_COMMA = YES;
				CLANG_WARN_CONSTANT_CONVERSION = YES;
				CLANG_WARN_DEPRECATED_OBJC_IMPLEMENTATIONS = YES;
				CLANG_WARN_DIRECT_OBJC_ISA_USAGE = YES_ERROR;
				CLANG_WARN_DOCUMENTATION_COMMENTS = YES;
				CLANG_WARN_EMPTY_BODY = YES;
				CLANG_WARN_ENUM_CONVERSION = YES;
				CLANG_WARN_INFINITE_RECURSION = YES;
				CLANG_WARN_INT_CONVERSION = YES;
				CLANG_WARN_NON_LITERAL_NULL_CONVERSION = YES;
				CLANG_WARN_OBJC_IMPLICIT_RETAIN_SELF = YES;
				CLANG_WARN_OBJC_LITERAL_CONVERSION = YES;
				CLANG_WARN_OBJC_ROOT_CLASS = YES_ERROR;
				CLANG_WARN_QUOTED_INCLUDE_IN_FRAMEWORK_HEADER = YES;
				CLANG_WARN_RANGE_LOOP_ANALYSIS = YES;
				CLANG_WARN_STRICT_PROTOTYPES = YES;
				CLANG_WARN_SUSPICIOUS_MOVE = YES;
				CLANG_WARN_UNGUARDED_AVAILABILITY = YES_AGGRESSIVE;
				CLANG_WARN_UNREACHABLE_CODE = YES;
				CLANG_WARN__DUPLICATE_METHOD_MATCH = YES;
				COPY_PHASE_STRIP = NO;
				DEBUG_INFORMATION_FORMAT = dwarf;
				ENABLE_STRICT_OBJC_MSGSEND = YES;
				ENABLE_TESTABILITY = YES;
				GCC_C_LANGUAGE_STANDARD = gnu11;
				GCC_DYNAMIC_NO_PIC = NO;
				GCC_NO_COMMON_BLOCKS = YES;
				GCC_OPTIMIZATION_LEVEL = 0;
				GCC_PREPROCESSOR_DEFINITIONS = (
					"DEBUG=1",
					"$(inherited)",
				);
				GCC_WARN_64_TO_32_BIT_CONVERSION = YES;
				GCC_WARN_ABOUT_RETURN_TYPE = YES_ERROR;
				GCC_WARN_UNDECLARED_SELECTOR = YES;
				GCC_WARN_UNINITIALIZED_AUTOS = YES_AGGRESSIVE;
				GCC_WARN_UNUSED_FUNCTION = YES;
				GCC_WARN_UNUSED_VARIABLE = YES;
				IPHONEOS_DEPLOYMENT_TARGET = 15.0;
				MTL_ENABLE_DEBUG_INFO = INCLUDE_SOURCE;
				MTL_FAST_MATH = YES;
				ONLY_ACTIVE_ARCH = YES;
				SDKROOT = iphoneos;
				SWIFT_ACTIVE_COMPILATION_CONDITIONS = DEBUG;
				SWIFT_OPTIMIZATION_LEVEL = "-Onone";
			};
			name = Debug;
		};
		76EAFF8A29AB3ACE001799EB /* Release */ = {
			isa = XCBuildConfiguration;
			buildSettings = {
				ALWAYS_SEARCH_USER_PATHS = NO;
				CLANG_ANALYZER_NONNULL = YES;
				CLANG_ANALYZER_NUMBER_OBJECT_CONVERSION = YES_AGGRESSIVE;
				CLANG_CXX_LANGUAGE_STANDARD = "gnu++20";
				CLANG_ENABLE_MODULES = YES;
				CLANG_ENABLE_OBJC_ARC = YES;
				CLANG_ENABLE_OBJC_WEAK = YES;
				CLANG_WARN_BLOCK_CAPTURE_AUTORELEASING = YES;
				CLANG_WARN_BOOL_CONVERSION = YES;
				CLANG_WARN_COMMA = YES;
				CLANG_WARN_CONSTANT_CONVERSION = YES;
				CLANG_WARN_DEPRECATED_OBJC_IMPLEMENTATIONS = YES;
				CLANG_WARN_DIRECT_OBJC_ISA_USAGE = YES_ERROR;
				CLANG_WARN_DOCUMENTATION_COMMENTS = YES;
				CLANG_WARN_EMPTY_BODY = YES;
				CLANG_WARN_ENUM_CONVERSION = YES;
				CLANG_WARN_INFINITE_RECURSION = YES;
				CLANG_WARN_INT_CONVERSION = YES;
				CLANG_WARN_NON_LITERAL_NULL_CONVERSION = YES;
				CLANG_WARN_OBJC_IMPLICIT_RETAIN_SELF = YES;
				CLANG_WARN_OBJC_LITERAL_CONVERSION = YES;
				CLANG_WARN_OBJC_ROOT_CLASS = YES_ERROR;
				CLANG_WARN_QUOTED_INCLUDE_IN_FRAMEWORK_HEADER = YES;
				CLANG_WARN_RANGE_LOOP_ANALYSIS = YES;
				CLANG_WARN_STRICT_PROTOTYPES = YES;
				CLANG_WARN_SUSPICIOUS_MOVE = YES;
				CLANG_WARN_UNGUARDED_AVAILABILITY = YES_AGGRESSIVE;
				CLANG_WARN_UNREACHABLE_CODE = YES;
				CLANG_WARN__DUPLICATE_METHOD_MATCH = YES;
				COPY_PHASE_STRIP = NO;
				DEBUG_INFORMATION_FORMAT = "dwarf-with-dsym";
				ENABLE_NS_ASSERTIONS = NO;
				ENABLE_STRICT_OBJC_MSGSEND = YES;
				GCC_C_LANGUAGE_STANDARD = gnu11;
				GCC_NO_COMMON_BLOCKS = YES;
				GCC_WARN_64_TO_32_BIT_CONVERSION = YES;
				GCC_WARN_ABOUT_RETURN_TYPE = YES_ERROR;
				GCC_WARN_UNDECLARED_SELECTOR = YES;
				GCC_WARN_UNINITIALIZED_AUTOS = YES_AGGRESSIVE;
				GCC_WARN_UNUSED_FUNCTION = YES;
				GCC_WARN_UNUSED_VARIABLE = YES;
				IPHONEOS_DEPLOYMENT_TARGET = 15.0;
				MTL_ENABLE_DEBUG_INFO = NO;
				MTL_FAST_MATH = YES;
				SDKROOT = iphoneos;
				SWIFT_COMPILATION_MODE = wholemodule;
				SWIFT_OPTIMIZATION_LEVEL = "-O";
				VALIDATE_PRODUCT = YES;
			};
			name = Release;
		};
		76EAFF8C29AB3ACE001799EB /* Debug */ = {
			isa = XCBuildConfiguration;
			buildSettings = {
				ASSETCATALOG_COMPILER_APPICON_NAME = AppIcon;
				ASSETCATALOG_COMPILER_GLOBAL_ACCENT_COLOR_NAME = AccentColor;
				CODE_SIGN_STYLE = Automatic;
				CURRENT_PROJECT_VERSION = 1;
				DEVELOPMENT_ASSET_PATHS = "\"ZefirDress92/Preview Content\"";
				DEVELOPMENT_TEAM = 9S5AJR5C22;
				ENABLE_PREVIEWS = YES;
				GENERATE_INFOPLIST_FILE = YES;
				INFOPLIST_FILE = ZefirDress92/Info.plist;
				INFOPLIST_KEY_UIApplicationSceneManifest_Generation = YES;
				INFOPLIST_KEY_UIApplicationSupportsIndirectInputEvents = YES;
				INFOPLIST_KEY_UILaunchScreen_Generation = YES;
				INFOPLIST_KEY_UISupportedInterfaceOrientations = UIInterfaceOrientationPortrait;
				INFOPLIST_KEY_UISupportedInterfaceOrientations_iPad = "UIInterfaceOrientationPortrait UIInterfaceOrientationPortraitUpsideDown";
				IPHONEOS_DEPLOYMENT_TARGET = 15.0;
				LD_RUNPATH_SEARCH_PATHS = (
					"$(inherited)",
					"@executable_path/Frameworks",
				);
				MARKETING_VERSION = 1.0;
				PRODUCT_BUNDLE_IDENTIFIER = rzamolotov.ZefirDress92;
				PRODUCT_NAME = "$(TARGET_NAME)";
				SUPPORTED_PLATFORMS = "iphoneos iphonesimulator";
				SUPPORTS_MACCATALYST = NO;
				SUPPORTS_MAC_DESIGNED_FOR_IPHONE_IPAD = NO;
				SWIFT_EMIT_LOC_STRINGS = YES;
				SWIFT_VERSION = 5.0;
				TARGETED_DEVICE_FAMILY = "1,2";
			};
			name = Debug;
		};
		76EAFF8D29AB3ACE001799EB /* Release */ = {
			isa = XCBuildConfiguration;
			buildSettings = {
				ASSETCATALOG_COMPILER_APPICON_NAME = AppIcon;
				ASSETCATALOG_COMPILER_GLOBAL_ACCENT_COLOR_NAME = AccentColor;
				CODE_SIGN_STYLE = Automatic;
				CURRENT_PROJECT_VERSION = 1;
				DEVELOPMENT_ASSET_PATHS = "\"ZefirDress92/Preview Content\"";
				DEVELOPMENT_TEAM = 9S5AJR5C22;
				ENABLE_PREVIEWS = YES;
				GENERATE_INFOPLIST_FILE = YES;
				INFOPLIST_FILE = ZefirDress92/Info.plist;
				INFOPLIST_KEY_UIApplicationSceneManifest_Generation = YES;
				INFOPLIST_KEY_UIApplicationSupportsIndirectInputEvents = YES;
				INFOPLIST_KEY_UILaunchScreen_Generation = YES;
				INFOPLIST_KEY_UISupportedInterfaceOrientations = UIInterfaceOrientationPortrait;
				INFOPLIST_KEY_UISupportedInterfaceOrientations_iPad = "UIInterfaceOrientationPortrait UIInterfaceOrientationPortraitUpsideDown";
				IPHONEOS_DEPLOYMENT_TARGET = 15.0;
				LD_RUNPATH_SEARCH_PATHS = (
					"$(inherited)",
					"@executable_path/Frameworks",
				);
				MARKETING_VERSION = 1.0;
				PRODUCT_BUNDLE_IDENTIFIER = rzamolotov.ZefirDress92;
				PRODUCT_NAME = "$(TARGET_NAME)";
				SUPPORTED_PLATFORMS = "iphoneos iphonesimulator";
				SUPPORTS_MACCATALYST = NO;
				SUPPORTS_MAC_DESIGNED_FOR_IPHONE_IPAD = NO;
				SWIFT_EMIT_LOC_STRINGS = YES;
				SWIFT_VERSION = 5.0;
				TARGETED_DEVICE_FAMILY = "1,2";
			};
			name = Release;
		};
/* End XCBuildConfiguration section */

/* Begin XCConfigurationList section */
		76A57ADF29D75D3000F428AB /* Build configuration list for PBXNativeTarget "ZefirDress92Tests" */ = {
			isa = XCConfigurationList;
			buildConfigurations = (
				76A57ADD29D75D3000F428AB /* Debug */,
				76A57ADE29D75D3000F428AB /* Release */,
			);
			defaultConfigurationIsVisible = 0;
			defaultConfigurationName = Release;
		};
		76EAFF7829AB3ACC001799EB /* Build configuration list for PBXProject "ZefirDress92" */ = {
			isa = XCConfigurationList;
			buildConfigurations = (
				76EAFF8929AB3ACE001799EB /* Debug */,
				76EAFF8A29AB3ACE001799EB /* Release */,
			);
			defaultConfigurationIsVisible = 0;
			defaultConfigurationName = Release;
		};
		76EAFF8B29AB3ACE001799EB /* Build configuration list for PBXNativeTarget "ZefirDress92" */ = {
			isa = XCConfigurationList;
			buildConfigurations = (
				76EAFF8C29AB3ACE001799EB /* Debug */,
				76EAFF8D29AB3ACE001799EB /* Release */,
			);
			defaultConfigurationIsVisible = 0;
			defaultConfigurationName = Release;
		};
/* End XCConfigurationList section */

/* Begin XCRemoteSwiftPackageReference section */
		7644AE0329DD3B02009B4730 /* XCRemoteSwiftPackageReference "Kingfisher" */ = {
			isa = XCRemoteSwiftPackageReference;
			repositoryURL = "https://github.com/onevcat/Kingfisher";
			requirement = {
				kind = upToNextMajorVersion;
				minimumVersion = 7.0.0;
			};
		};
		7654713629E3487400C7BEC0 /* XCRemoteSwiftPackageReference "sendgrid-swift" */ = {
			isa = XCRemoteSwiftPackageReference;
			repositoryURL = "https://github.com/scottkawai/sendgrid-swift";
			requirement = {
				kind = upToNextMajorVersion;
				minimumVersion = 2.0.0;
			};
		};
/* End XCRemoteSwiftPackageReference section */

/* Begin XCSwiftPackageProductDependency section */
		7644AE0429DD3B02009B4730 /* Kingfisher */ = {
			isa = XCSwiftPackageProductDependency;
			package = 7644AE0329DD3B02009B4730 /* XCRemoteSwiftPackageReference "Kingfisher" */;
			productName = Kingfisher;
		};
		7654713729E3487400C7BEC0 /* SendGrid */ = {
			isa = XCSwiftPackageProductDependency;
			package = 7654713629E3487400C7BEC0 /* XCRemoteSwiftPackageReference "sendgrid-swift" */;
			productName = SendGrid;
		};
/* End XCSwiftPackageProductDependency section */

/* Begin XCVersionGroup section */
		7682EBC129C0D0710073142B /* ProductData.xcdatamodeld */ = {
			isa = XCVersionGroup;
			children = (
				7682EBC229C0D0710073142B /* ProductData.xcdatamodel */,
			);
			currentVersion = 7682EBC229C0D0710073142B /* ProductData.xcdatamodel */;
			path = ProductData.xcdatamodeld;
			sourceTree = "<group>";
			versionGroupType = wrapper.xcdatamodel;
		};
/* End XCVersionGroup section */
	};
	rootObject = 76EAFF7529AB3ACC001799EB /* Project object */;
}
